<?xml version="1.0" encoding="utf-8"?>
<Project ToolsVersion="4.0" xmlns="http://schemas.microsoft.com/developer/msbuild/2003">
  <ItemGroup>
    <Filter Include="소스 파일">
      <UniqueIdentifier>{4FC737F1-C7A5-4376-A066-2A32D752A2FF}</UniqueIdentifier>
      <Extensions>cpp;c;cc;cxx;def;odl;idl;hpj;bat;asm;asmx</Extensions>
    </Filter>
    <Filter Include="헤더 파일">
      <UniqueIdentifier>{93995380-89BD-4b04-88EB-625FBE52EBFB}</UniqueIdentifier>
      <Extensions>h;hh;hpp;hxx;hm;inl;inc;xsd</Extensions>
    </Filter>
    <Filter Include="리소스 파일">
      <UniqueIdentifier>{67DA6AB6-F800-4c08-8B7A-83BB121AAD01}</UniqueIdentifier>
      <Extensions>rc;ico;cur;bmp;dlg;rc2;rct;bin;rgs;gif;jpg;jpeg;jpe;resx;tiff;tif;png;wav;mfcribbon-ms</Extensions>
    </Filter>
  </ItemGroup>
  <ItemGroup>
    <ClInclude Include="stdafx.h">
      <Filter>헤더 파일</Filter>
    </ClInclude>
    <ClInclude Include="Math\Matrix.h">
      <Filter>헤더 파일</Filter>
    </ClInclude>
    <ClInclude Include="Math\Vector2.h">
      <Filter>헤더 파일</Filter>
    </ClInclude>
    <ClInclude Include="Program.h">
      <Filter>헤더 파일</Filter>
    </ClInclude>
    <ClInclude Include="System\Window.h">
      <Filter>헤더 파일</Filter>
    </ClInclude>
    <ClInclude Include="System\D2D.h">
      <Filter>헤더 파일</Filter>
    </ClInclude>
    <ClInclude Include="Utilities\Util.h">
      <Filter>헤더 파일</Filter>
    </ClInclude>
    <ClInclude Include="Physics\Collision.h">
      <Filter>헤더 파일</Filter>
    </ClInclude>
    <ClInclude Include="ImGui\imconfig.h">
      <Filter>헤더 파일</Filter>
    </ClInclude>
    <ClInclude Include="ImGui\imgui.h">
      <Filter>헤더 파일</Filter>
    </ClInclude>
    <ClInclude Include="ImGui\imgui_impl_dx9.h">
      <Filter>헤더 파일</Filter>
    </ClInclude>
    <ClInclude Include="ImGui\imgui_internal.h">
      <Filter>헤더 파일</Filter>
    </ClInclude>
    <ClInclude Include="ImGui\stb_rect_pack.h">
      <Filter>헤더 파일</Filter>
    </ClInclude>
    <ClInclude Include="ImGui\stb_textedit.h">
      <Filter>헤더 파일</Filter>
    </ClInclude>
    <ClInclude Include="ImGui\stb_truetype.h">
      <Filter>헤더 파일</Filter>
    </ClInclude>
    <ClInclude Include="Common\Transform.h">
      <Filter>헤더 파일</Filter>
    </ClInclude>
    <ClInclude Include="GameObject\GameObject.h">
      <Filter>헤더 파일</Filter>
    </ClInclude>
    <ClInclude Include="GameObject\Rect.h">
      <Filter>헤더 파일</Filter>
    </ClInclude>
    <ClInclude Include="System\Frame.h">
      <Filter>헤더 파일</Filter>
    </ClInclude>
    <ClInclude Include="System\Input.h">
      <Filter>헤더 파일</Filter>
    </ClInclude>
    <ClInclude Include="Common\Camera.h">
      <Filter>헤더 파일</Filter>
    </ClInclude>
    <ClInclude Include="Animation\AnimationClip.h">
      <Filter>헤더 파일</Filter>
    </ClInclude>
    <ClInclude Include="Manager\TextureManager.h">
      <Filter>헤더 파일</Filter>
    </ClInclude>
    <ClInclude Include="Utilities\String.h">
      <Filter>헤더 파일</Filter>
    </ClInclude>
    <ClInclude Include="GameObject\BackGround.h">
      <Filter>헤더 파일</Filter>
    </ClInclude>
    <ClInclude Include="GameObject\BaseBackGround.h">
      <Filter>헤더 파일</Filter>
    </ClInclude>
    <ClInclude Include="GameObject\MiniMap.h">
      <Filter>헤더 파일</Filter>
    </ClInclude>
    <ClInclude Include="System\SoundManager.h">
      <Filter>헤더 파일</Filter>
    </ClInclude>
  </ItemGroup>
  <ItemGroup>
    <ClCompile Include="Math\Matrix.cpp">
      <Filter>소스 파일</Filter>
    </ClCompile>
    <ClCompile Include="Math\Vector2.cpp">
      <Filter>소스 파일</Filter>
    </ClCompile>
    <ClCompile Include="Program.cpp">
      <Filter>소스 파일</Filter>
    </ClCompile>
    <ClCompile Include="Main.cpp">
      <Filter>소스 파일</Filter>
    </ClCompile>
    <ClCompile Include="System\Window.cpp">
      <Filter>소스 파일</Filter>
    </ClCompile>
    <ClCompile Include="System\D2D.cpp">
      <Filter>소스 파일</Filter>
    </ClCompile>
    <ClCompile Include="Utilities\Util.cpp">
      <Filter>소스 파일</Filter>
    </ClCompile>
    <ClCompile Include="Physics\Collision.cpp">
      <Filter>소스 파일</Filter>
    </ClCompile>
    <ClCompile Include="ImGui\imgui.cpp">
      <Filter>소스 파일</Filter>
    </ClCompile>
    <ClCompile Include="ImGui\imgui_demo.cpp">
      <Filter>소스 파일</Filter>
    </ClCompile>
    <ClCompile Include="ImGui\imgui_draw.cpp">
      <Filter>소스 파일</Filter>
    </ClCompile>
    <ClCompile Include="ImGui\imgui_impl_dx9.cpp">
      <Filter>소스 파일</Filter>
    </ClCompile>
    <ClCompile Include="Common\Transform.cpp">
      <Filter>소스 파일</Filter>
    </ClCompile>
    <ClCompile Include="GameObject\GameObject.cpp">
      <Filter>소스 파일</Filter>
    </ClCompile>
    <ClCompile Include="GameObject\Rect.cpp">
      <Filter>소스 파일</Filter>
    </ClCompile>
    <ClCompile Include="System\Frame.cpp">
      <Filter>소스 파일</Filter>
    </ClCompile>
    <ClCompile Include="System\Input.cpp">
      <Filter>소스 파일</Filter>
    </ClCompile>
    <ClCompile Include="Common\Camera.cpp">
      <Filter>소스 파일</Filter>
    </ClCompile>
    <ClCompile Include="Animation\AnimationClip.cpp">
      <Filter>소스 파일</Filter>
    </ClCompile>
    <ClCompile Include="Manager\TextureManager.cpp">
      <Filter>소스 파일</Filter>
    </ClCompile>
    <ClCompile Include="Utilities\String.cpp">
      <Filter>소스 파일</Filter>
    </ClCompile>
    <ClCompile Include="GameObject\BackGround.cpp">
      <Filter>소스 파일</Filter>
    </ClCompile>
    <ClCompile Include="GameObject\BaseBackGround.cpp">
      <Filter>소스 파일</Filter>
    </ClCompile>
    <ClCompile Include="GameObject\MiniMap.cpp">
      <Filter>소스 파일</Filter>
    </ClCompile>
    <ClCompile Include="System\SoundManager.cpp">
      <Filter>소스 파일</Filter>
    </ClCompile>
  </ItemGroup>
  <ItemGroup>
    <None Include="Shader\TextureMapping.fx" />
    <None Include="Shader\BaseColor.fx" />
    <None Include="Shader\ColorTexture.fx" />
  </ItemGroup>
</Project>