
Microsoft Visual Studio Solution File, Format Version 12.00
# Visual Studio 15
VisualStudioVersion = 15.0.27130.2027
MinimumVisualStudioVersion = 10.0.40219.1
Project("{8BC9CEB8-8B4A-11D0-8D11-00A0C91BC942}") = "이미지 텍스트", "이미지 텍스트\이미지 텍스트.vcxproj", "{E0D7B24F-433C-430B-84E8-E922224803D4}"
EndProject
Project("{8BC9CEB8-8B4A-11D0-8D11-00A0C91BC942}") = "이미지 텍스트(컬러)", "이미지 텍스트(컬러)\이미지 텍스트(컬러).vcxproj", "{D215F4AA-BCB3-4633-902A-83275E0DEE56}"
EndProject
Project("{8BC9CEB8-8B4A-11D0-8D11-00A0C91BC942}") = "가위바위보", "가위바위보 게임\가위바위보 게임.vcxproj", "{362CC77C-170A-4297-889B-A35E2D083188}"
EndProject
Project("{8BC9CEB8-8B4A-11D0-8D11-00A0C91BC942}") = "가위바위보 (이미지 텍스트)", "가위바위보 (이미지 텍스트)\가위바위보 (이미지 텍스트).vcxproj", "{6A147CA5-6279-4D80-90EE-EABD316936C0}"
EndProject
Project("{8BC9CEB8-8B4A-11D0-8D11-00A0C91BC942}") = "숫자 야구", "숫자 야구\숫자 야구.vcxproj", "{84F240ED-8DBE-44B4-9450-1EF3FE28B8C9}"
EndProject
Project("{8BC9CEB8-8B4A-11D0-8D11-00A0C91BC942}") = "문자열 뒤집기", "문자열 뒤집기\문자열 뒤집기.vcxproj", "{DAC8671D-9E38-40ED-B1C7-868F69350EA3}"
EndProject
Project("{8BC9CEB8-8B4A-11D0-8D11-00A0C91BC942}") = "문자열 뒤집기(특수문자 제외)", "특수문자 제외 문자열 뒤집기\특수문자 제외 문자열 뒤집기.vcxproj", "{1A741718-5F83-4845-936C-204D439D838F}"
EndProject
Project("{8BC9CEB8-8B4A-11D0-8D11-00A0C91BC942}") = "월남뽕게임(카드 게임)", "월남뽕게임(카드 게임)\카드 게임.vcxproj", "{37FD3C5F-2D5C-4341-9FB3-B5AA231BE079}"
EndProject
Project("{8BC9CEB8-8B4A-11D0-8D11-00A0C91BC942}") = "로우 하이 세븐(카드 게임)", "하이 로우 세븐(카드 게임)\하이 로우 세븐(카드 게임).vcxproj", "{9E70CA1D-0E13-4A41-A15E-A5B938FFB5BF}"
EndProject
Project("{8BC9CEB8-8B4A-11D0-8D11-00A0C91BC942}") = "빙고 게임", "빙고 게임\빙고 게임.vcxproj", "{44B3A8DA-8607-4057-A31E-325B8033112E}"
EndProject
Project("{8BC9CEB8-8B4A-11D0-8D11-00A0C91BC942}") = "슬라이드 퍼즐", "슬라이드 퍼즐\슬라이드 퍼즐.vcxproj", "{156CF21E-C2CA-4794-B088-3E606B3EA399}"
EndProject
Project("{8BC9CEB8-8B4A-11D0-8D11-00A0C91BC942}") = "섯다", "섯다\섯다.vcxproj", "{2D55DF81-3B59-4314-95BC-2D5E267126CB}"
EndProject
Project("{8BC9CEB8-8B4A-11D0-8D11-00A0C91BC942}") = "상점", "상점\상점.vcxproj", "{2AE8DBBE-B6A9-4590-8B69-D4CDCF1546F6}"
EndProject
Project("{8BC9CEB8-8B4A-11D0-8D11-00A0C91BC942}") = "상점2(+파일입출력)", "상점2(+파일입출력)\상점2(+파일입출력).vcxproj", "{33DFC9A9-4CE4-4785-998B-78E691F3FA03}"
EndProject
Project("{8BC9CEB8-8B4A-11D0-8D11-00A0C91BC942}") = "움직이는 이미지", "움직이는 이미지\움직이는 이미지.vcxproj", "{2EB2B81C-D59E-480D-97C2-86159ED2D349}"
EndProject
Project("{8BC9CEB8-8B4A-11D0-8D11-00A0C91BC942}") = "이미지 충돌 처리", "이미지 충돌 처리\이미지 충돌 처리.vcxproj", "{75E2A14F-FECF-428F-A4EE-4E3F00ADA17A}"
EndProject
Project("{8BC9CEB8-8B4A-11D0-8D11-00A0C91BC942}") = "WinApi-GuGuDan", "WinApi-GuGuDan\WinApi-GuGuDan.vcxproj", "{AD4E458C-A9FD-4C01-A61B-1EAD8D820A35}"
EndProject
Project("{8BC9CEB8-8B4A-11D0-8D11-00A0C91BC942}") = "WinAPI-Collision", "WinAPI-Collision\WinAPI-Collision.vcxproj", "{3B027070-9472-4305-8335-D2887EF87F58}"
EndProject
Project("{8BC9CEB8-8B4A-11D0-8D11-00A0C91BC942}") = "WinAPI-RectMoveNConversion", "WinAPI-RectMoveNConversion\WinAPI-RectMoveNConversion.vcxproj", "{62C5364B-CC92-4D2C-8C84-BDEA32FBDD8D}"
EndProject
Global
	GlobalSection(SolutionConfigurationPlatforms) = preSolution
		Debug|x64 = Debug|x64
		Debug|x86 = Debug|x86
		Release|x64 = Release|x64
		Release|x86 = Release|x86
	EndGlobalSection
	GlobalSection(ProjectConfigurationPlatforms) = postSolution
		{E0D7B24F-433C-430B-84E8-E922224803D4}.Debug|x64.ActiveCfg = Debug|x64
		{E0D7B24F-433C-430B-84E8-E922224803D4}.Debug|x64.Build.0 = Debug|x64
		{E0D7B24F-433C-430B-84E8-E922224803D4}.Debug|x86.ActiveCfg = Debug|Win32
		{E0D7B24F-433C-430B-84E8-E922224803D4}.Debug|x86.Build.0 = Debug|Win32
		{E0D7B24F-433C-430B-84E8-E922224803D4}.Release|x64.ActiveCfg = Release|x64
		{E0D7B24F-433C-430B-84E8-E922224803D4}.Release|x64.Build.0 = Release|x64
		{E0D7B24F-433C-430B-84E8-E922224803D4}.Release|x86.ActiveCfg = Release|Win32
		{E0D7B24F-433C-430B-84E8-E922224803D4}.Release|x86.Build.0 = Release|Win32
		{D215F4AA-BCB3-4633-902A-83275E0DEE56}.Debug|x64.ActiveCfg = Debug|x64
		{D215F4AA-BCB3-4633-902A-83275E0DEE56}.Debug|x64.Build.0 = Debug|x64
		{D215F4AA-BCB3-4633-902A-83275E0DEE56}.Debug|x86.ActiveCfg = Debug|Win32
		{D215F4AA-BCB3-4633-902A-83275E0DEE56}.Debug|x86.Build.0 = Debug|Win32
		{D215F4AA-BCB3-4633-902A-83275E0DEE56}.Release|x64.ActiveCfg = Release|x64
		{D215F4AA-BCB3-4633-902A-83275E0DEE56}.Release|x64.Build.0 = Release|x64
		{D215F4AA-BCB3-4633-902A-83275E0DEE56}.Release|x86.ActiveCfg = Release|Win32
		{D215F4AA-BCB3-4633-902A-83275E0DEE56}.Release|x86.Build.0 = Release|Win32
		{362CC77C-170A-4297-889B-A35E2D083188}.Debug|x64.ActiveCfg = Debug|x64
		{362CC77C-170A-4297-889B-A35E2D083188}.Debug|x64.Build.0 = Debug|x64
		{362CC77C-170A-4297-889B-A35E2D083188}.Debug|x86.ActiveCfg = Debug|Win32
		{362CC77C-170A-4297-889B-A35E2D083188}.Debug|x86.Build.0 = Debug|Win32
		{362CC77C-170A-4297-889B-A35E2D083188}.Release|x64.ActiveCfg = Release|x64
		{362CC77C-170A-4297-889B-A35E2D083188}.Release|x64.Build.0 = Release|x64
		{362CC77C-170A-4297-889B-A35E2D083188}.Release|x86.ActiveCfg = Release|Win32
		{362CC77C-170A-4297-889B-A35E2D083188}.Release|x86.Build.0 = Release|Win32
		{6A147CA5-6279-4D80-90EE-EABD316936C0}.Debug|x64.ActiveCfg = Debug|x64
		{6A147CA5-6279-4D80-90EE-EABD316936C0}.Debug|x64.Build.0 = Debug|x64
		{6A147CA5-6279-4D80-90EE-EABD316936C0}.Debug|x86.ActiveCfg = Debug|Win32
		{6A147CA5-6279-4D80-90EE-EABD316936C0}.Debug|x86.Build.0 = Debug|Win32
		{6A147CA5-6279-4D80-90EE-EABD316936C0}.Release|x64.ActiveCfg = Release|x64
		{6A147CA5-6279-4D80-90EE-EABD316936C0}.Release|x64.Build.0 = Release|x64
		{6A147CA5-6279-4D80-90EE-EABD316936C0}.Release|x86.ActiveCfg = Release|Win32
		{6A147CA5-6279-4D80-90EE-EABD316936C0}.Release|x86.Build.0 = Release|Win32
		{84F240ED-8DBE-44B4-9450-1EF3FE28B8C9}.Debug|x64.ActiveCfg = Debug|x64
		{84F240ED-8DBE-44B4-9450-1EF3FE28B8C9}.Debug|x64.Build.0 = Debug|x64
		{84F240ED-8DBE-44B4-9450-1EF3FE28B8C9}.Debug|x86.ActiveCfg = Debug|Win32
		{84F240ED-8DBE-44B4-9450-1EF3FE28B8C9}.Debug|x86.Build.0 = Debug|Win32
		{84F240ED-8DBE-44B4-9450-1EF3FE28B8C9}.Release|x64.ActiveCfg = Release|x64
		{84F240ED-8DBE-44B4-9450-1EF3FE28B8C9}.Release|x64.Build.0 = Release|x64
		{84F240ED-8DBE-44B4-9450-1EF3FE28B8C9}.Release|x86.ActiveCfg = Release|Win32
		{84F240ED-8DBE-44B4-9450-1EF3FE28B8C9}.Release|x86.Build.0 = Release|Win32
		{DAC8671D-9E38-40ED-B1C7-868F69350EA3}.Debug|x64.ActiveCfg = Debug|x64
		{DAC8671D-9E38-40ED-B1C7-868F69350EA3}.Debug|x64.Build.0 = Debug|x64
		{DAC8671D-9E38-40ED-B1C7-868F69350EA3}.Debug|x86.ActiveCfg = Debug|Win32
		{DAC8671D-9E38-40ED-B1C7-868F69350EA3}.Debug|x86.Build.0 = Debug|Win32
		{DAC8671D-9E38-40ED-B1C7-868F69350EA3}.Release|x64.ActiveCfg = Release|x64
		{DAC8671D-9E38-40ED-B1C7-868F69350EA3}.Release|x64.Build.0 = Release|x64
		{DAC8671D-9E38-40ED-B1C7-868F69350EA3}.Release|x86.ActiveCfg = Release|Win32
		{DAC8671D-9E38-40ED-B1C7-868F69350EA3}.Release|x86.Build.0 = Release|Win32
		{1A741718-5F83-4845-936C-204D439D838F}.Debug|x64.ActiveCfg = Debug|x64
		{1A741718-5F83-4845-936C-204D439D838F}.Debug|x64.Build.0 = Debug|x64
		{1A741718-5F83-4845-936C-204D439D838F}.Debug|x86.ActiveCfg = Debug|Win32
		{1A741718-5F83-4845-936C-204D439D838F}.Debug|x86.Build.0 = Debug|Win32
		{1A741718-5F83-4845-936C-204D439D838F}.Release|x64.ActiveCfg = Release|x64
		{1A741718-5F83-4845-936C-204D439D838F}.Release|x64.Build.0 = Release|x64
		{1A741718-5F83-4845-936C-204D439D838F}.Release|x86.ActiveCfg = Release|Win32
		{1A741718-5F83-4845-936C-204D439D838F}.Release|x86.Build.0 = Release|Win32
		{37FD3C5F-2D5C-4341-9FB3-B5AA231BE079}.Debug|x64.ActiveCfg = Debug|x64
		{37FD3C5F-2D5C-4341-9FB3-B5AA231BE079}.Debug|x64.Build.0 = Debug|x64
		{37FD3C5F-2D5C-4341-9FB3-B5AA231BE079}.Debug|x86.ActiveCfg = Debug|Win32
		{37FD3C5F-2D5C-4341-9FB3-B5AA231BE079}.Debug|x86.Build.0 = Debug|Win32
		{37FD3C5F-2D5C-4341-9FB3-B5AA231BE079}.Release|x64.ActiveCfg = Release|x64
		{37FD3C5F-2D5C-4341-9FB3-B5AA231BE079}.Release|x64.Build.0 = Release|x64
		{37FD3C5F-2D5C-4341-9FB3-B5AA231BE079}.Release|x86.ActiveCfg = Release|Win32
		{37FD3C5F-2D5C-4341-9FB3-B5AA231BE079}.Release|x86.Build.0 = Release|Win32
		{9E70CA1D-0E13-4A41-A15E-A5B938FFB5BF}.Debug|x64.ActiveCfg = Debug|x64
		{9E70CA1D-0E13-4A41-A15E-A5B938FFB5BF}.Debug|x64.Build.0 = Debug|x64
		{9E70CA1D-0E13-4A41-A15E-A5B938FFB5BF}.Debug|x86.ActiveCfg = Debug|Win32
		{9E70CA1D-0E13-4A41-A15E-A5B938FFB5BF}.Debug|x86.Build.0 = Debug|Win32
		{9E70CA1D-0E13-4A41-A15E-A5B938FFB5BF}.Release|x64.ActiveCfg = Release|x64
		{9E70CA1D-0E13-4A41-A15E-A5B938FFB5BF}.Release|x64.Build.0 = Release|x64
		{9E70CA1D-0E13-4A41-A15E-A5B938FFB5BF}.Release|x86.ActiveCfg = Release|Win32
		{9E70CA1D-0E13-4A41-A15E-A5B938FFB5BF}.Release|x86.Build.0 = Release|Win32
		{44B3A8DA-8607-4057-A31E-325B8033112E}.Debug|x64.ActiveCfg = Debug|x64
		{44B3A8DA-8607-4057-A31E-325B8033112E}.Debug|x64.Build.0 = Debug|x64
		{44B3A8DA-8607-4057-A31E-325B8033112E}.Debug|x86.ActiveCfg = Debug|Win32
		{44B3A8DA-8607-4057-A31E-325B8033112E}.Debug|x86.Build.0 = Debug|Win32
		{44B3A8DA-8607-4057-A31E-325B8033112E}.Release|x64.ActiveCfg = Release|x64
		{44B3A8DA-8607-4057-A31E-325B8033112E}.Release|x64.Build.0 = Release|x64
		{44B3A8DA-8607-4057-A31E-325B8033112E}.Release|x86.ActiveCfg = Release|Win32
		{44B3A8DA-8607-4057-A31E-325B8033112E}.Release|x86.Build.0 = Release|Win32
		{156CF21E-C2CA-4794-B088-3E606B3EA399}.Debug|x64.ActiveCfg = Debug|x64
		{156CF21E-C2CA-4794-B088-3E606B3EA399}.Debug|x64.Build.0 = Debug|x64
		{156CF21E-C2CA-4794-B088-3E606B3EA399}.Debug|x86.ActiveCfg = Debug|Win32
		{156CF21E-C2CA-4794-B088-3E606B3EA399}.Debug|x86.Build.0 = Debug|Win32
		{156CF21E-C2CA-4794-B088-3E606B3EA399}.Release|x64.ActiveCfg = Release|x64
		{156CF21E-C2CA-4794-B088-3E606B3EA399}.Release|x64.Build.0 = Release|x64
		{156CF21E-C2CA-4794-B088-3E606B3EA399}.Release|x86.ActiveCfg = Release|Win32
		{156CF21E-C2CA-4794-B088-3E606B3EA399}.Release|x86.Build.0 = Release|Win32
		{2D55DF81-3B59-4314-95BC-2D5E267126CB}.Debug|x64.ActiveCfg = Debug|x64
		{2D55DF81-3B59-4314-95BC-2D5E267126CB}.Debug|x64.Build.0 = Debug|x64
		{2D55DF81-3B59-4314-95BC-2D5E267126CB}.Debug|x86.ActiveCfg = Debug|Win32
		{2D55DF81-3B59-4314-95BC-2D5E267126CB}.Debug|x86.Build.0 = Debug|Win32
		{2D55DF81-3B59-4314-95BC-2D5E267126CB}.Release|x64.ActiveCfg = Release|x64
		{2D55DF81-3B59-4314-95BC-2D5E267126CB}.Release|x64.Build.0 = Release|x64
		{2D55DF81-3B59-4314-95BC-2D5E267126CB}.Release|x86.ActiveCfg = Release|Win32
		{2D55DF81-3B59-4314-95BC-2D5E267126CB}.Release|x86.Build.0 = Release|Win32
		{2AE8DBBE-B6A9-4590-8B69-D4CDCF1546F6}.Debug|x64.ActiveCfg = Debug|x64
		{2AE8DBBE-B6A9-4590-8B69-D4CDCF1546F6}.Debug|x64.Build.0 = Debug|x64
		{2AE8DBBE-B6A9-4590-8B69-D4CDCF1546F6}.Debug|x86.ActiveCfg = Debug|Win32
		{2AE8DBBE-B6A9-4590-8B69-D4CDCF1546F6}.Debug|x86.Build.0 = Debug|Win32
		{2AE8DBBE-B6A9-4590-8B69-D4CDCF1546F6}.Release|x64.ActiveCfg = Release|x64
		{2AE8DBBE-B6A9-4590-8B69-D4CDCF1546F6}.Release|x64.Build.0 = Release|x64
		{2AE8DBBE-B6A9-4590-8B69-D4CDCF1546F6}.Release|x86.ActiveCfg = Release|Win32
		{2AE8DBBE-B6A9-4590-8B69-D4CDCF1546F6}.Release|x86.Build.0 = Release|Win32
		{33DFC9A9-4CE4-4785-998B-78E691F3FA03}.Debug|x64.ActiveCfg = Debug|x64
		{33DFC9A9-4CE4-4785-998B-78E691F3FA03}.Debug|x64.Build.0 = Debug|x64
		{33DFC9A9-4CE4-4785-998B-78E691F3FA03}.Debug|x86.ActiveCfg = Debug|Win32
		{33DFC9A9-4CE4-4785-998B-78E691F3FA03}.Debug|x86.Build.0 = Debug|Win32
		{33DFC9A9-4CE4-4785-998B-78E691F3FA03}.Release|x64.ActiveCfg = Release|x64
		{33DFC9A9-4CE4-4785-998B-78E691F3FA03}.Release|x64.Build.0 = Release|x64
		{33DFC9A9-4CE4-4785-998B-78E691F3FA03}.Release|x86.ActiveCfg = Release|Win32
		{33DFC9A9-4CE4-4785-998B-78E691F3FA03}.Release|x86.Build.0 = Release|Win32
		{2EB2B81C-D59E-480D-97C2-86159ED2D349}.Debug|x64.ActiveCfg = Debug|x64
		{2EB2B81C-D59E-480D-97C2-86159ED2D349}.Debug|x64.Build.0 = Debug|x64
		{2EB2B81C-D59E-480D-97C2-86159ED2D349}.Debug|x86.ActiveCfg = Debug|Win32
		{2EB2B81C-D59E-480D-97C2-86159ED2D349}.Debug|x86.Build.0 = Debug|Win32
		{2EB2B81C-D59E-480D-97C2-86159ED2D349}.Release|x64.ActiveCfg = Release|x64
		{2EB2B81C-D59E-480D-97C2-86159ED2D349}.Release|x64.Build.0 = Release|x64
		{2EB2B81C-D59E-480D-97C2-86159ED2D349}.Release|x86.ActiveCfg = Release|Win32
		{2EB2B81C-D59E-480D-97C2-86159ED2D349}.Release|x86.Build.0 = Release|Win32
		{75E2A14F-FECF-428F-A4EE-4E3F00ADA17A}.Debug|x64.ActiveCfg = Debug|x64
		{75E2A14F-FECF-428F-A4EE-4E3F00ADA17A}.Debug|x64.Build.0 = Debug|x64
		{75E2A14F-FECF-428F-A4EE-4E3F00ADA17A}.Debug|x86.ActiveCfg = Debug|Win32
		{75E2A14F-FECF-428F-A4EE-4E3F00ADA17A}.Debug|x86.Build.0 = Debug|Win32
		{75E2A14F-FECF-428F-A4EE-4E3F00ADA17A}.Release|x64.ActiveCfg = Release|x64
		{75E2A14F-FECF-428F-A4EE-4E3F00ADA17A}.Release|x64.Build.0 = Release|x64
		{75E2A14F-FECF-428F-A4EE-4E3F00ADA17A}.Release|x86.ActiveCfg = Release|Win32
		{75E2A14F-FECF-428F-A4EE-4E3F00ADA17A}.Release|x86.Build.0 = Release|Win32
		{AD4E458C-A9FD-4C01-A61B-1EAD8D820A35}.Debug|x64.ActiveCfg = Debug|x64
		{AD4E458C-A9FD-4C01-A61B-1EAD8D820A35}.Debug|x64.Build.0 = Debug|x64
		{AD4E458C-A9FD-4C01-A61B-1EAD8D820A35}.Debug|x86.ActiveCfg = Debug|Win32
		{AD4E458C-A9FD-4C01-A61B-1EAD8D820A35}.Debug|x86.Build.0 = Debug|Win32
		{AD4E458C-A9FD-4C01-A61B-1EAD8D820A35}.Release|x64.ActiveCfg = Release|x64
		{AD4E458C-A9FD-4C01-A61B-1EAD8D820A35}.Release|x64.Build.0 = Release|x64
		{AD4E458C-A9FD-4C01-A61B-1EAD8D820A35}.Release|x86.ActiveCfg = Release|Win32
		{AD4E458C-A9FD-4C01-A61B-1EAD8D820A35}.Release|x86.Build.0 = Release|Win32
		{3B027070-9472-4305-8335-D2887EF87F58}.Debug|x64.ActiveCfg = Debug|x64
		{3B027070-9472-4305-8335-D2887EF87F58}.Debug|x64.Build.0 = Debug|x64
		{3B027070-9472-4305-8335-D2887EF87F58}.Debug|x86.ActiveCfg = Debug|Win32
		{3B027070-9472-4305-8335-D2887EF87F58}.Debug|x86.Build.0 = Debug|Win32
		{3B027070-9472-4305-8335-D2887EF87F58}.Release|x64.ActiveCfg = Release|x64
		{3B027070-9472-4305-8335-D2887EF87F58}.Release|x64.Build.0 = Release|x64
		{3B027070-9472-4305-8335-D2887EF87F58}.Release|x86.ActiveCfg = Release|Win32
		{3B027070-9472-4305-8335-D2887EF87F58}.Release|x86.Build.0 = Release|Win32
		{62C5364B-CC92-4D2C-8C84-BDEA32FBDD8D}.Debug|x64.ActiveCfg = Debug|x64
		{62C5364B-CC92-4D2C-8C84-BDEA32FBDD8D}.Debug|x64.Build.0 = Debug|x64
		{62C5364B-CC92-4D2C-8C84-BDEA32FBDD8D}.Debug|x86.ActiveCfg = Debug|Win32
		{62C5364B-CC92-4D2C-8C84-BDEA32FBDD8D}.Debug|x86.Build.0 = Debug|Win32
		{62C5364B-CC92-4D2C-8C84-BDEA32FBDD8D}.Release|x64.ActiveCfg = Release|x64
		{62C5364B-CC92-4D2C-8C84-BDEA32FBDD8D}.Release|x64.Build.0 = Release|x64
		{62C5364B-CC92-4D2C-8C84-BDEA32FBDD8D}.Release|x86.ActiveCfg = Release|Win32
		{62C5364B-CC92-4D2C-8C84-BDEA32FBDD8D}.Release|x86.Build.0 = Release|Win32
	EndGlobalSection
	GlobalSection(SolutionProperties) = preSolution
		HideSolutionNode = FALSE
	EndGlobalSection
	GlobalSection(ExtensibilityGlobals) = postSolution
		SolutionGuid = {58C442E6-54DC-4646-9332-5625DFF39BAA}
	EndGlobalSection
EndGlobal
