
Microsoft Visual Studio Solution File, Format Version 12.00
# Visual Studio 15
VisualStudioVersion = 15.0.27130.2036
MinimumVisualStudioVersion = 10.0.40219.1
Project("{8BC9CEB8-8B4A-11D0-8D11-00A0C91BC942}") = "이미지 텍스트", "이미지 텍스트\이미지 텍스트.vcxproj", "{E0D7B24F-433C-430B-84E8-E922224803D4}"
EndProject
Project("{8BC9CEB8-8B4A-11D0-8D11-00A0C91BC942}") = "이미지 텍스트(컬러)", "이미지 텍스트(컬러)\이미지 텍스트(컬러).vcxproj", "{D215F4AA-BCB3-4633-902A-83275E0DEE56}"
EndProject
Project("{8BC9CEB8-8B4A-11D0-8D11-00A0C91BC942}") = "가위바위보", "가위바위보 게임\가위바위보 게임.vcxproj", "{362CC77C-170A-4297-889B-A35E2D083188}"
EndProject
Project("{8BC9CEB8-8B4A-11D0-8D11-00A0C91BC942}") = "가위바위보 (이미지 텍스트)", "가위바위보 (이미지 텍스트)\가위바위보 (이미지 텍스트).vcxproj", "{6A147CA5-6279-4D80-90EE-EABD316936C0}"
EndProject
Project("{8BC9CEB8-8B4A-11D0-8D11-00A0C91BC942}") = "숫자 야구", "숫자 야구\숫자 야구.vcxproj", "{84F240ED-8DBE-44B4-9450-1EF3FE28B8C9}"
EndProject
Project("{8BC9CEB8-8B4A-11D0-8D11-00A0C91BC942}") = "문자열 뒤집기", "문자열 뒤집기\문자열 뒤집기.vcxproj", "{DAC8671D-9E38-40ED-B1C7-868F69350EA3}"
EndProject
Project("{8BC9CEB8-8B4A-11D0-8D11-00A0C91BC942}") = "문자열 뒤집기(특수문자 제외)", "특수문자 제외 문자열 뒤집기\특수문자 제외 문자열 뒤집기.vcxproj", "{1A741718-5F83-4845-936C-204D439D838F}"
EndProject
Project("{8BC9CEB8-8B4A-11D0-8D11-00A0C91BC942}") = "월남뽕게임(카드 게임)", "월남뽕게임(카드 게임)\카드 게임.vcxproj", "{37FD3C5F-2D5C-4341-9FB3-B5AA231BE079}"
EndProject
Project("{8BC9CEB8-8B4A-11D0-8D11-00A0C91BC942}") = "로우 하이 세븐(카드 게임)", "하이 로우 세븐(카드 게임)\하이 로우 세븐(카드 게임).vcxproj", "{9E70CA1D-0E13-4A41-A15E-A5B938FFB5BF}"
EndProject
Project("{8BC9CEB8-8B4A-11D0-8D11-00A0C91BC942}") = "빙고 게임", "빙고 게임\빙고 게임.vcxproj", "{44B3A8DA-8607-4057-A31E-325B8033112E}"
EndProject
Project("{8BC9CEB8-8B4A-11D0-8D11-00A0C91BC942}") = "슬라이드 퍼즐", "슬라이드 퍼즐\슬라이드 퍼즐.vcxproj", "{156CF21E-C2CA-4794-B088-3E606B3EA399}"
EndProject
Project("{8BC9CEB8-8B4A-11D0-8D11-00A0C91BC942}") = "섯다", "섯다\섯다.vcxproj", "{2D55DF81-3B59-4314-95BC-2D5E267126CB}"
EndProject
Project("{8BC9CEB8-8B4A-11D0-8D11-00A0C91BC942}") = "상점", "상점\상점.vcxproj", "{2AE8DBBE-B6A9-4590-8B69-D4CDCF1546F6}"
EndProject
Project("{8BC9CEB8-8B4A-11D0-8D11-00A0C91BC942}") = "상점2(+파일입출력)", "상점2(+파일입출력)\상점2(+파일입출력).vcxproj", "{33DFC9A9-4CE4-4785-998B-78E691F3FA03}"
EndProject
Project("{8BC9CEB8-8B4A-11D0-8D11-00A0C91BC942}") = "움직이는 이미지", "움직이는 이미지\움직이는 이미지.vcxproj", "{2EB2B81C-D59E-480D-97C2-86159ED2D349}"
EndProject
Project("{8BC9CEB8-8B4A-11D0-8D11-00A0C91BC942}") = "이미지 충돌 처리", "이미지 충돌 처리\이미지 충돌 처리.vcxproj", "{75E2A14F-FECF-428F-A4EE-4E3F00ADA17A}"
EndProject
Project("{8BC9CEB8-8B4A-11D0-8D11-00A0C91BC942}") = "WinAPI-GuGuDan", "WinApi-GuGuDan\WinApi-GuGuDan.vcxproj", "{AD4E458C-A9FD-4C01-A61B-1EAD8D820A35}"
EndProject
Project("{8BC9CEB8-8B4A-11D0-8D11-00A0C91BC942}") = "WinAPI-Collision", "WinAPI-Collision\WinAPI-Collision.vcxproj", "{3B027070-9472-4305-8335-D2887EF87F58}"
EndProject
Project("{8BC9CEB8-8B4A-11D0-8D11-00A0C91BC942}") = "WinAPI-RectMoveNConversion", "WinAPI-RectMoveNConversion\WinAPI-RectMoveNConversion.vcxproj", "{62C5364B-CC92-4D2C-8C84-BDEA32FBDD8D}"
EndProject
Project("{8BC9CEB8-8B4A-11D0-8D11-00A0C91BC942}") = "WinAPI-똥피하기", "WinAPI-똥피하기\WinAPI-똥피하기.vcxproj", "{DEB557BA-E86C-4072-81F9-5EEBCD667507}"
EndProject
Project("{8BC9CEB8-8B4A-11D0-8D11-00A0C91BC942}") = "WinAPI-두더지 잡기", "WinAPI-두더지 잡기\WinAPI-두더지 잡기.vcxproj", "{20A4FFBC-467F-4645-8FD9-DE04355970D7}"
EndProject
Project("{8BC9CEB8-8B4A-11D0-8D11-00A0C91BC942}") = "WinAPI-악어 이빨 게임", "WinAPI-악어 이빨 게임\WinAPI-악어 이빨 게임.vcxproj", "{EB80354E-B0DF-4101-82A0-4469A0FB87ED}"
EndProject
Project("{8BC9CEB8-8B4A-11D0-8D11-00A0C91BC942}") = "WinAPI-같은 숫자 찾기 게임", "WinAPI-같은 숫자 찾기 게임\WinAPI-같은 숫자 찾기 게임.vcxproj", "{668F3FA1-7656-473A-A7BF-F89AB185088C}"
EndProject
Project("{8BC9CEB8-8B4A-11D0-8D11-00A0C91BC942}") = "WinAPI-런 게임", "WinAPI-런 게임\WinAPI-런 게임.vcxproj", "{6F12CDCD-DE47-40C3-9189-1C6AC1CCD11D}"
EndProject
Project("{8BC9CEB8-8B4A-11D0-8D11-00A0C91BC942}") = "WinAPI-아날로그 시계", "WinAPI-아날로그 시계\WinAPI-아날로그 시계.vcxproj", "{8FF19549-156D-4C6F-A3AB-7D8B09AEA037}"
EndProject
Project("{8BC9CEB8-8B4A-11D0-8D11-00A0C91BC942}") = "WinAPI-에어 하키", "WinAPI-에어 하키\WinAPI-에어 하키.vcxproj", "{9BB19891-F6BA-4EAE-AB13-13DA225E04C2}"
EndProject
Project("{8BC9CEB8-8B4A-11D0-8D11-00A0C91BC942}") = "WinAPI-에어 하키(AI)", "WinAPI-에어 하키(AI)\WinAPI-에어 하키(AI).vcxproj", "{58790404-FED5-4FBA-9078-FA6B834E38BA}"
EndProject
Project("{8BC9CEB8-8B4A-11D0-8D11-00A0C91BC942}") = "WinAPI-지렁이 게임", "WinAPI-지렁이 게임\WinAPI-지렁이 게임.vcxproj", "{AA819397-2246-4D6B-8DED-6B29257F94DE}"
EndProject
Project("{8BC9CEB8-8B4A-11D0-8D11-00A0C91BC942}") = "WinAPI-포탄 발사", "WinAPI-포탄 발사\WinAPI-포탄 발사.vcxproj", "{717F0086-DDA8-479D-B26A-2D16E495E484}"
EndProject
Project("{8BC9CEB8-8B4A-11D0-8D11-00A0C91BC942}") = "WinAPI-사과 떨구기", "WinAPI-사과 떨구기\WinAPI-사과 떨구기.vcxproj", "{0BC64463-F1ED-4DE8-B23C-CE2D2C33A46D}"
EndProject
Project("{8BC9CEB8-8B4A-11D0-8D11-00A0C91BC942}") = "WinAPI-벽돌 깨기", "WinAPI-벽돌 깨기\WinAPI-벽돌 깨기.vcxproj", "{55EC6274-9B06-440F-A083-DF3E2D5B94AE}"
EndProject
Project("{8BC9CEB8-8B4A-11D0-8D11-00A0C91BC942}") = "WinAPI-지렁이 게임2 이미지", "WinAPI-지렁이 게임2 이미지\WinAPI-지렁이 게임2 이미지.vcxproj", "{AC16EA7C-22CB-42A2-A0E0-546BE8EBD5AB}"
EndProject
Project("{8BC9CEB8-8B4A-11D0-8D11-00A0C91BC942}") = "WinAPI-슬라이딩 퍼즐", "WinAPI-슬라이딩 퍼즐\WinAPI-슬라이딩 퍼즐.vcxproj", "{D1950CDF-4DD4-4C24-A781-2E4C7737EE8A}"
EndProject
Project("{8BC9CEB8-8B4A-11D0-8D11-00A0C91BC942}") = "WinAPI-마리오", "WinAPI-마리오\WinAPI-마리오.vcxproj", "{92396793-3A35-4318-B980-C0A75DED7E6F}"
EndProject
Project("{8BC9CEB8-8B4A-11D0-8D11-00A0C91BC942}") = "WinAPI-록맨", "WinAPI-록맨\WinAPI-록맨.vcxproj", "{B65C5AAB-F0F7-4978-8EEC-236B9A3A312A}"
EndProject
Project("{8BC9CEB8-8B4A-11D0-8D11-00A0C91BC942}") = "WinAPI-섯다", "WinAPI-섯다\WinAPI-섯다.vcxproj", "{F03BE6A2-6056-44E9-AACE-E25BF9124487}"
EndProject
Project("{8BC9CEB8-8B4A-11D0-8D11-00A0C91BC942}") = "WinAPI-마계촌 런", "WinAPI-마계촌 런\WinAPI-마계촌 런.vcxproj", "{041CEF16-7ABF-4B95-9193-05D0CADB60D5}"
EndProject
Project("{8BC9CEB8-8B4A-11D0-8D11-00A0C91BC942}") = "WinAPI-레이싱 게임", "WinAPI-레이싱 게임\WinAPI-레이싱 게임.vcxproj", "{9A279329-02A6-4055-8978-BC4901AC1D43}"
EndProject
Project("{8BC9CEB8-8B4A-11D0-8D11-00A0C91BC942}") = "WinAPI-계단 오르기(픽셀 충돌)", "WinAPI-픽셀 충돌\WinAPI-픽셀 충돌.vcxproj", "{40C967AB-1C49-4C94-8125-3C4BB2ADE93B}"
EndProject
Project("{8BC9CEB8-8B4A-11D0-8D11-00A0C91BC942}") = "WinAPI-지뢰 찾기와 오목", "WinAPI-지뢰 찾기와 오목\WinAPI-지뢰 찾기와 오목.vcxproj", "{747BC022-E4FF-4199-BE0C-2A62A43505DD}"
EndProject
Project("{8BC9CEB8-8B4A-11D0-8D11-00A0C91BC942}") = "WinAPI-상점과 인벤토리", "WinAPI-상점과 인벤토리\WinAPI-상점과 인벤토리.vcxproj", "{CF770EF4-1D4C-45FB-A365-D816B85CE01C}"
EndProject
Project("{8BC9CEB8-8B4A-11D0-8D11-00A0C91BC942}") = "WinAPI-인벤토리와 장비착용", "WinAPI-인벤토리와 장비착용\WinAPI-인벤토리와 장비착용.vcxproj", "{D7EE6ED1-91CF-44C9-937A-DAF997A05F96}"
EndProject
Project("{8BC9CEB8-8B4A-11D0-8D11-00A0C91BC942}") = "WinAPI-슈팅 게임", "WinAPI-슈팅 게임\WinAPI-슈팅 게임.vcxproj", "{6E2AE89B-D1E4-494F-B988-51CA9640CC53}"
EndProject
Project("{8BC9CEB8-8B4A-11D0-8D11-00A0C91BC942}") = "WinAPI-슈팅 게임2", "WinAPI-슈팅 게임2\WinAPI-슈팅 게임2.vcxproj", "{DC669CC3-8D95-49DF-A6EA-DFF517E8CA80}"
EndProject
Project("{8BC9CEB8-8B4A-11D0-8D11-00A0C91BC942}") = "WinAPI-슈팅 게임3", "WinAPI-슈팅 게임3\WinAPI-슈팅 게임3.vcxproj", "{13849330-0033-47D7-83EF-B06A29D3F721}"
EndProject
Project("{8BC9CEB8-8B4A-11D0-8D11-00A0C91BC942}") = "WinAPI-타일 이동 및 A스타", "WinAPI-타일 이동 및 A스타\WinAPI-타일 이동 및 A스타.vcxproj", "{0ECAFE07-1A7B-478C-8C89-072B84EF8307}"
EndProject
Project("{8BC9CEB8-8B4A-11D0-8D11-00A0C91BC942}") = "WinAPI-몬스터 리스폰 (FPS)", "WinAPI-몬스터 리스폰 (FPS)\WinAPI-몬스터 리스폰 (FPS).vcxproj", "{6708993F-E6DE-4760-9355-D75E4D04A578}"
EndProject
Project("{8BC9CEB8-8B4A-11D0-8D11-00A0C91BC942}") = "WinAPI-몬스터 리스폰 (FPS, Sound)", "WinAPI-몬스터 리스폰 (FPS,Sound)\WinAPI-몬스터 리스폰 (FPS, Sound).vcxproj", "{79607765-9FFB-4D77-B4D5-3134C509A1EC}"
EndProject
Project("{8BC9CEB8-8B4A-11D0-8D11-00A0C91BC942}") = "WinAPI-슈팅 게임4", "WinAPI-슈팅 게임4\WinAPI-슈팅 게임4.vcxproj", "{DAF33706-0918-4807-8FB5-A10A92A6E1C4}"
EndProject
Project("{8BC9CEB8-8B4A-11D0-8D11-00A0C91BC942}") = "WinAPI-맵툴", "WinAPI-맵툴\WinAPI-맵툴.vcxproj", "{AADA81F8-C1D6-4FB4-95B2-4088EF18D9B0}"
EndProject
Project("{8BC9CEB8-8B4A-11D0-8D11-00A0C91BC942}") = "WinAPI-이미지 크기 변환", "WinAPI-이미지 크기 변환\WinAPI-이미지 크기 변환.vcxproj", "{60392847-418A-4C55-BC81-E6D6D08E39D6}"
EndProject
Project("{8BC9CEB8-8B4A-11D0-8D11-00A0C91BC942}") = "WinAPI-탱크게임1", "WinAPI-탱크게임1\WinAPI-탱크게임1.vcxproj", "{B75F86C1-F845-4398-9B86-3D991943DED3}"
EndProject
Project("{8BC9CEB8-8B4A-11D0-8D11-00A0C91BC942}") = "WinAPI-탱크게임2", "WinAPI-탱크게임2\WinAPI-탱크게임2.vcxproj", "{68961A4F-F957-4BEB-B1E6-3B842E13AC09}"
EndProject
Project("{8BC9CEB8-8B4A-11D0-8D11-00A0C91BC942}") = "WinAPI-AStar", "WinAPI-AStar\WinAPI-AStar.vcxproj", "{7C05C770-59C1-48A0-8703-60E80999F741}"
EndProject
Project("{8BC9CEB8-8B4A-11D0-8D11-00A0C91BC942}") = "WinAPI-탱크게임3", "WinAPI-탱크게임3\WinAPI-탱크게임3.vcxproj", "{43AC7D0D-2F43-4266-8FE1-5667B399C281}"
EndProject
Project("{8BC9CEB8-8B4A-11D0-8D11-00A0C91BC942}") = "WinAPI-IsoMetricTile", "WinAPI-IsoMetricTile\WinAPI-IsoMetricTile.vcxproj", "{56A11BBF-F603-4C91-A9AF-3676147BC385}"
EndProject
Project("{8BC9CEB8-8B4A-11D0-8D11-00A0C91BC942}") = "WinAPI-IsoMetricMapTool", "WinAPI-IsoMetricMapTool\WinAPI-IsoMetricMapTool.vcxproj", "{2375D229-F68C-473F-9ED8-7AFFD685AAC7}"
EndProject
Project("{8BC9CEB8-8B4A-11D0-8D11-00A0C91BC942}") = "WinAPI-배틀크루저 (16방향회전)", "WinAPI-배틀크루저 (16방향회전)\WinAPI-배틀크루저 (16방향회전).vcxproj", "{C662CB76-20B5-4DF5-9FE1-A05AF1122D3C}"
EndProject
Project("{8BC9CEB8-8B4A-11D0-8D11-00A0C91BC942}") = "WinAPI-IsoMetricAStar", "WinAPI-IsoMetricAStar\WinAPI-IsoMetricAStar.vcxproj", "{1C1D7D59-51F6-401F-AFCF-FF66AA36B0B7}"
EndProject
Project("{8BC9CEB8-8B4A-11D0-8D11-00A0C91BC942}") = "D2D-도형 그리기", "D2D-도형 그리기\Direct2D.vcxproj", "{009C2F45-48F6-43E4-BC67-D7947F647DF6}"
EndProject
Project("{8BC9CEB8-8B4A-11D0-8D11-00A0C91BC942}") = "SingleLinkedList", "싱글 링크드 리스크\SingleLinkedList.vcxproj", "{2D8C05C2-4D48-4497-BD60-D86019CEF609}"
EndProject
Project("{8BC9CEB8-8B4A-11D0-8D11-00A0C91BC942}") = "D2D-페르시아의 왕자", "D2D-페르시아의 왕자\D2D-페르시아의 왕자.vcxproj", "{093B8D46-C594-4521-8795-AE7498F19F44}"
EndProject
Project("{8BC9CEB8-8B4A-11D0-8D11-00A0C91BC942}") = "D2D-Shader Practice", "D2D-Shader Practice\D2D-Shader Practice.vcxproj", "{97B4EAD5-6C08-41C9-A751-240F3435F039}"
EndProject
Project("{8BC9CEB8-8B4A-11D0-8D11-00A0C91BC942}") = "D2D-Geometry Dash", "D2D-Geometry Dash\D2D-Geometry Dash.vcxproj", "{44991B50-8787-4D6B-9262-B8663628672A}"
EndProject
Project("{8BC9CEB8-8B4A-11D0-8D11-00A0C91BC942}") = "D2D-Bone Animation Practice", "D2D-Bone Animation Practice\D2D-Bone Animation Practice.vcxproj", "{3A44EA10-5123-40D1-AB5B-65564579A472}"
EndProject
Project("{8BC9CEB8-8B4A-11D0-8D11-00A0C91BC942}") = "D2D-Interpolation Practice", "D2D-Interpolation Practice\D2D-Interpolation Practice.vcxproj", "{125240A8-B796-4BB6-A34E-A22279D73BE4}"
EndProject
Project("{8BC9CEB8-8B4A-11D0-8D11-00A0C91BC942}") = "D2D-마리오", "D2D-마리오\D2D-마리오.vcxproj", "{D7CB3B48-BED1-4452-8B4B-66847B1E3915}"
EndProject
Project("{8BC9CEB8-8B4A-11D0-8D11-00A0C91BC942}") = "D2D-RagDoll", "D2D-RagDoll\D2D-RagDoll.vcxproj", "{B4769909-847E-4756-9F6E-7876DA59B265}"
EndProject
Project("{8BC9CEB8-8B4A-11D0-8D11-00A0C91BC942}") = "D2D-Gizmo Practice", "D2D-Gizmo Practice\D2D-Gizmo Practice.vcxproj", "{8437F977-930E-4E36-8C19-9217CFDDD2FA}"
EndProject
Project("{8BC9CEB8-8B4A-11D0-8D11-00A0C91BC942}") = "D2D-LockRect Practice", "D2D-LockRect Practice\D2D-LockRect Practice.vcxproj", "{4B454B43-B06A-4EB3-AF56-F10C51A2F2C2}"
EndProject
Project("{8BC9CEB8-8B4A-11D0-8D11-00A0C91BC942}") = "D2D-OBB Collision Practice", "D2D-OBB Collision Practice\D2D-OBB Collision Practice.vcxproj", "{9EEAD880-888A-4FEF-A67B-97105E7848FA}"
EndProject
Project("{8BC9CEB8-8B4A-11D0-8D11-00A0C91BC942}") = "Postfix Notation (후위표기법)", "Postfix Notation (후위표기법)\Postfix Notation (후위표기법).vcxproj", "{35C673F5-6A95-4AC4-83D5-4ACB97FE0B05}"
EndProject
Project("{8BC9CEB8-8B4A-11D0-8D11-00A0C91BC942}") = "Circular Queue", "Circular Queue\Circular Queue.vcxproj", "{5F53618B-FF9A-4789-8023-C5C00AB61233}"
EndProject
Project("{8BC9CEB8-8B4A-11D0-8D11-00A0C91BC942}") = "BinarySearch Tree", "BinarySearch Tree\BinarySearch Tree.vcxproj", "{419FD325-7407-4DA0-847D-0424E20ACD35}"
EndProject
Global
	GlobalSection(SolutionConfigurationPlatforms) = preSolution
		Debug|x64 = Debug|x64
		Debug|x86 = Debug|x86
		Release|x64 = Release|x64
		Release|x86 = Release|x86
	EndGlobalSection
	GlobalSection(ProjectConfigurationPlatforms) = postSolution
		{E0D7B24F-433C-430B-84E8-E922224803D4}.Debug|x64.ActiveCfg = Debug|x64
		{E0D7B24F-433C-430B-84E8-E922224803D4}.Debug|x64.Build.0 = Debug|x64
		{E0D7B24F-433C-430B-84E8-E922224803D4}.Debug|x86.ActiveCfg = Debug|Win32
		{E0D7B24F-433C-430B-84E8-E922224803D4}.Debug|x86.Build.0 = Debug|Win32
		{E0D7B24F-433C-430B-84E8-E922224803D4}.Release|x64.ActiveCfg = Release|x64
		{E0D7B24F-433C-430B-84E8-E922224803D4}.Release|x64.Build.0 = Release|x64
		{E0D7B24F-433C-430B-84E8-E922224803D4}.Release|x86.ActiveCfg = Release|Win32
		{E0D7B24F-433C-430B-84E8-E922224803D4}.Release|x86.Build.0 = Release|Win32
		{D215F4AA-BCB3-4633-902A-83275E0DEE56}.Debug|x64.ActiveCfg = Debug|x64
		{D215F4AA-BCB3-4633-902A-83275E0DEE56}.Debug|x64.Build.0 = Debug|x64
		{D215F4AA-BCB3-4633-902A-83275E0DEE56}.Debug|x86.ActiveCfg = Debug|Win32
		{D215F4AA-BCB3-4633-902A-83275E0DEE56}.Debug|x86.Build.0 = Debug|Win32
		{D215F4AA-BCB3-4633-902A-83275E0DEE56}.Release|x64.ActiveCfg = Release|x64
		{D215F4AA-BCB3-4633-902A-83275E0DEE56}.Release|x64.Build.0 = Release|x64
		{D215F4AA-BCB3-4633-902A-83275E0DEE56}.Release|x86.ActiveCfg = Release|Win32
		{D215F4AA-BCB3-4633-902A-83275E0DEE56}.Release|x86.Build.0 = Release|Win32
		{362CC77C-170A-4297-889B-A35E2D083188}.Debug|x64.ActiveCfg = Debug|x64
		{362CC77C-170A-4297-889B-A35E2D083188}.Debug|x64.Build.0 = Debug|x64
		{362CC77C-170A-4297-889B-A35E2D083188}.Debug|x86.ActiveCfg = Debug|Win32
		{362CC77C-170A-4297-889B-A35E2D083188}.Debug|x86.Build.0 = Debug|Win32
		{362CC77C-170A-4297-889B-A35E2D083188}.Release|x64.ActiveCfg = Release|x64
		{362CC77C-170A-4297-889B-A35E2D083188}.Release|x64.Build.0 = Release|x64
		{362CC77C-170A-4297-889B-A35E2D083188}.Release|x86.ActiveCfg = Release|Win32
		{362CC77C-170A-4297-889B-A35E2D083188}.Release|x86.Build.0 = Release|Win32
		{6A147CA5-6279-4D80-90EE-EABD316936C0}.Debug|x64.ActiveCfg = Debug|x64
		{6A147CA5-6279-4D80-90EE-EABD316936C0}.Debug|x64.Build.0 = Debug|x64
		{6A147CA5-6279-4D80-90EE-EABD316936C0}.Debug|x86.ActiveCfg = Debug|Win32
		{6A147CA5-6279-4D80-90EE-EABD316936C0}.Debug|x86.Build.0 = Debug|Win32
		{6A147CA5-6279-4D80-90EE-EABD316936C0}.Release|x64.ActiveCfg = Release|x64
		{6A147CA5-6279-4D80-90EE-EABD316936C0}.Release|x64.Build.0 = Release|x64
		{6A147CA5-6279-4D80-90EE-EABD316936C0}.Release|x86.ActiveCfg = Release|Win32
		{6A147CA5-6279-4D80-90EE-EABD316936C0}.Release|x86.Build.0 = Release|Win32
		{84F240ED-8DBE-44B4-9450-1EF3FE28B8C9}.Debug|x64.ActiveCfg = Debug|x64
		{84F240ED-8DBE-44B4-9450-1EF3FE28B8C9}.Debug|x64.Build.0 = Debug|x64
		{84F240ED-8DBE-44B4-9450-1EF3FE28B8C9}.Debug|x86.ActiveCfg = Debug|Win32
		{84F240ED-8DBE-44B4-9450-1EF3FE28B8C9}.Debug|x86.Build.0 = Debug|Win32
		{84F240ED-8DBE-44B4-9450-1EF3FE28B8C9}.Release|x64.ActiveCfg = Release|x64
		{84F240ED-8DBE-44B4-9450-1EF3FE28B8C9}.Release|x64.Build.0 = Release|x64
		{84F240ED-8DBE-44B4-9450-1EF3FE28B8C9}.Release|x86.ActiveCfg = Release|Win32
		{84F240ED-8DBE-44B4-9450-1EF3FE28B8C9}.Release|x86.Build.0 = Release|Win32
		{DAC8671D-9E38-40ED-B1C7-868F69350EA3}.Debug|x64.ActiveCfg = Debug|x64
		{DAC8671D-9E38-40ED-B1C7-868F69350EA3}.Debug|x64.Build.0 = Debug|x64
		{DAC8671D-9E38-40ED-B1C7-868F69350EA3}.Debug|x86.ActiveCfg = Debug|Win32
		{DAC8671D-9E38-40ED-B1C7-868F69350EA3}.Debug|x86.Build.0 = Debug|Win32
		{DAC8671D-9E38-40ED-B1C7-868F69350EA3}.Release|x64.ActiveCfg = Release|x64
		{DAC8671D-9E38-40ED-B1C7-868F69350EA3}.Release|x64.Build.0 = Release|x64
		{DAC8671D-9E38-40ED-B1C7-868F69350EA3}.Release|x86.ActiveCfg = Release|Win32
		{DAC8671D-9E38-40ED-B1C7-868F69350EA3}.Release|x86.Build.0 = Release|Win32
		{1A741718-5F83-4845-936C-204D439D838F}.Debug|x64.ActiveCfg = Debug|x64
		{1A741718-5F83-4845-936C-204D439D838F}.Debug|x64.Build.0 = Debug|x64
		{1A741718-5F83-4845-936C-204D439D838F}.Debug|x86.ActiveCfg = Debug|Win32
		{1A741718-5F83-4845-936C-204D439D838F}.Debug|x86.Build.0 = Debug|Win32
		{1A741718-5F83-4845-936C-204D439D838F}.Release|x64.ActiveCfg = Release|x64
		{1A741718-5F83-4845-936C-204D439D838F}.Release|x64.Build.0 = Release|x64
		{1A741718-5F83-4845-936C-204D439D838F}.Release|x86.ActiveCfg = Release|Win32
		{1A741718-5F83-4845-936C-204D439D838F}.Release|x86.Build.0 = Release|Win32
		{37FD3C5F-2D5C-4341-9FB3-B5AA231BE079}.Debug|x64.ActiveCfg = Debug|x64
		{37FD3C5F-2D5C-4341-9FB3-B5AA231BE079}.Debug|x64.Build.0 = Debug|x64
		{37FD3C5F-2D5C-4341-9FB3-B5AA231BE079}.Debug|x86.ActiveCfg = Debug|Win32
		{37FD3C5F-2D5C-4341-9FB3-B5AA231BE079}.Debug|x86.Build.0 = Debug|Win32
		{37FD3C5F-2D5C-4341-9FB3-B5AA231BE079}.Release|x64.ActiveCfg = Release|x64
		{37FD3C5F-2D5C-4341-9FB3-B5AA231BE079}.Release|x64.Build.0 = Release|x64
		{37FD3C5F-2D5C-4341-9FB3-B5AA231BE079}.Release|x86.ActiveCfg = Release|Win32
		{37FD3C5F-2D5C-4341-9FB3-B5AA231BE079}.Release|x86.Build.0 = Release|Win32
		{9E70CA1D-0E13-4A41-A15E-A5B938FFB5BF}.Debug|x64.ActiveCfg = Debug|x64
		{9E70CA1D-0E13-4A41-A15E-A5B938FFB5BF}.Debug|x64.Build.0 = Debug|x64
		{9E70CA1D-0E13-4A41-A15E-A5B938FFB5BF}.Debug|x86.ActiveCfg = Debug|Win32
		{9E70CA1D-0E13-4A41-A15E-A5B938FFB5BF}.Debug|x86.Build.0 = Debug|Win32
		{9E70CA1D-0E13-4A41-A15E-A5B938FFB5BF}.Release|x64.ActiveCfg = Release|x64
		{9E70CA1D-0E13-4A41-A15E-A5B938FFB5BF}.Release|x64.Build.0 = Release|x64
		{9E70CA1D-0E13-4A41-A15E-A5B938FFB5BF}.Release|x86.ActiveCfg = Release|Win32
		{9E70CA1D-0E13-4A41-A15E-A5B938FFB5BF}.Release|x86.Build.0 = Release|Win32
		{44B3A8DA-8607-4057-A31E-325B8033112E}.Debug|x64.ActiveCfg = Debug|x64
		{44B3A8DA-8607-4057-A31E-325B8033112E}.Debug|x64.Build.0 = Debug|x64
		{44B3A8DA-8607-4057-A31E-325B8033112E}.Debug|x86.ActiveCfg = Debug|Win32
		{44B3A8DA-8607-4057-A31E-325B8033112E}.Debug|x86.Build.0 = Debug|Win32
		{44B3A8DA-8607-4057-A31E-325B8033112E}.Release|x64.ActiveCfg = Release|x64
		{44B3A8DA-8607-4057-A31E-325B8033112E}.Release|x64.Build.0 = Release|x64
		{44B3A8DA-8607-4057-A31E-325B8033112E}.Release|x86.ActiveCfg = Release|Win32
		{44B3A8DA-8607-4057-A31E-325B8033112E}.Release|x86.Build.0 = Release|Win32
		{156CF21E-C2CA-4794-B088-3E606B3EA399}.Debug|x64.ActiveCfg = Debug|x64
		{156CF21E-C2CA-4794-B088-3E606B3EA399}.Debug|x64.Build.0 = Debug|x64
		{156CF21E-C2CA-4794-B088-3E606B3EA399}.Debug|x86.ActiveCfg = Debug|Win32
		{156CF21E-C2CA-4794-B088-3E606B3EA399}.Debug|x86.Build.0 = Debug|Win32
		{156CF21E-C2CA-4794-B088-3E606B3EA399}.Release|x64.ActiveCfg = Release|x64
		{156CF21E-C2CA-4794-B088-3E606B3EA399}.Release|x64.Build.0 = Release|x64
		{156CF21E-C2CA-4794-B088-3E606B3EA399}.Release|x86.ActiveCfg = Release|Win32
		{156CF21E-C2CA-4794-B088-3E606B3EA399}.Release|x86.Build.0 = Release|Win32
		{2D55DF81-3B59-4314-95BC-2D5E267126CB}.Debug|x64.ActiveCfg = Debug|x64
		{2D55DF81-3B59-4314-95BC-2D5E267126CB}.Debug|x64.Build.0 = Debug|x64
		{2D55DF81-3B59-4314-95BC-2D5E267126CB}.Debug|x86.ActiveCfg = Debug|Win32
		{2D55DF81-3B59-4314-95BC-2D5E267126CB}.Debug|x86.Build.0 = Debug|Win32
		{2D55DF81-3B59-4314-95BC-2D5E267126CB}.Release|x64.ActiveCfg = Release|x64
		{2D55DF81-3B59-4314-95BC-2D5E267126CB}.Release|x64.Build.0 = Release|x64
		{2D55DF81-3B59-4314-95BC-2D5E267126CB}.Release|x86.ActiveCfg = Release|Win32
		{2D55DF81-3B59-4314-95BC-2D5E267126CB}.Release|x86.Build.0 = Release|Win32
		{2AE8DBBE-B6A9-4590-8B69-D4CDCF1546F6}.Debug|x64.ActiveCfg = Debug|x64
		{2AE8DBBE-B6A9-4590-8B69-D4CDCF1546F6}.Debug|x64.Build.0 = Debug|x64
		{2AE8DBBE-B6A9-4590-8B69-D4CDCF1546F6}.Debug|x86.ActiveCfg = Debug|Win32
		{2AE8DBBE-B6A9-4590-8B69-D4CDCF1546F6}.Debug|x86.Build.0 = Debug|Win32
		{2AE8DBBE-B6A9-4590-8B69-D4CDCF1546F6}.Release|x64.ActiveCfg = Release|x64
		{2AE8DBBE-B6A9-4590-8B69-D4CDCF1546F6}.Release|x64.Build.0 = Release|x64
		{2AE8DBBE-B6A9-4590-8B69-D4CDCF1546F6}.Release|x86.ActiveCfg = Release|Win32
		{2AE8DBBE-B6A9-4590-8B69-D4CDCF1546F6}.Release|x86.Build.0 = Release|Win32
		{33DFC9A9-4CE4-4785-998B-78E691F3FA03}.Debug|x64.ActiveCfg = Debug|x64
		{33DFC9A9-4CE4-4785-998B-78E691F3FA03}.Debug|x64.Build.0 = Debug|x64
		{33DFC9A9-4CE4-4785-998B-78E691F3FA03}.Debug|x86.ActiveCfg = Debug|Win32
		{33DFC9A9-4CE4-4785-998B-78E691F3FA03}.Debug|x86.Build.0 = Debug|Win32
		{33DFC9A9-4CE4-4785-998B-78E691F3FA03}.Release|x64.ActiveCfg = Release|x64
		{33DFC9A9-4CE4-4785-998B-78E691F3FA03}.Release|x64.Build.0 = Release|x64
		{33DFC9A9-4CE4-4785-998B-78E691F3FA03}.Release|x86.ActiveCfg = Release|Win32
		{33DFC9A9-4CE4-4785-998B-78E691F3FA03}.Release|x86.Build.0 = Release|Win32
		{2EB2B81C-D59E-480D-97C2-86159ED2D349}.Debug|x64.ActiveCfg = Debug|x64
		{2EB2B81C-D59E-480D-97C2-86159ED2D349}.Debug|x64.Build.0 = Debug|x64
		{2EB2B81C-D59E-480D-97C2-86159ED2D349}.Debug|x86.ActiveCfg = Debug|Win32
		{2EB2B81C-D59E-480D-97C2-86159ED2D349}.Debug|x86.Build.0 = Debug|Win32
		{2EB2B81C-D59E-480D-97C2-86159ED2D349}.Release|x64.ActiveCfg = Release|x64
		{2EB2B81C-D59E-480D-97C2-86159ED2D349}.Release|x64.Build.0 = Release|x64
		{2EB2B81C-D59E-480D-97C2-86159ED2D349}.Release|x86.ActiveCfg = Release|Win32
		{2EB2B81C-D59E-480D-97C2-86159ED2D349}.Release|x86.Build.0 = Release|Win32
		{75E2A14F-FECF-428F-A4EE-4E3F00ADA17A}.Debug|x64.ActiveCfg = Debug|x64
		{75E2A14F-FECF-428F-A4EE-4E3F00ADA17A}.Debug|x64.Build.0 = Debug|x64
		{75E2A14F-FECF-428F-A4EE-4E3F00ADA17A}.Debug|x86.ActiveCfg = Debug|Win32
		{75E2A14F-FECF-428F-A4EE-4E3F00ADA17A}.Debug|x86.Build.0 = Debug|Win32
		{75E2A14F-FECF-428F-A4EE-4E3F00ADA17A}.Release|x64.ActiveCfg = Release|x64
		{75E2A14F-FECF-428F-A4EE-4E3F00ADA17A}.Release|x64.Build.0 = Release|x64
		{75E2A14F-FECF-428F-A4EE-4E3F00ADA17A}.Release|x86.ActiveCfg = Release|Win32
		{75E2A14F-FECF-428F-A4EE-4E3F00ADA17A}.Release|x86.Build.0 = Release|Win32
		{AD4E458C-A9FD-4C01-A61B-1EAD8D820A35}.Debug|x64.ActiveCfg = Debug|x64
		{AD4E458C-A9FD-4C01-A61B-1EAD8D820A35}.Debug|x64.Build.0 = Debug|x64
		{AD4E458C-A9FD-4C01-A61B-1EAD8D820A35}.Debug|x86.ActiveCfg = Debug|Win32
		{AD4E458C-A9FD-4C01-A61B-1EAD8D820A35}.Debug|x86.Build.0 = Debug|Win32
		{AD4E458C-A9FD-4C01-A61B-1EAD8D820A35}.Release|x64.ActiveCfg = Release|x64
		{AD4E458C-A9FD-4C01-A61B-1EAD8D820A35}.Release|x64.Build.0 = Release|x64
		{AD4E458C-A9FD-4C01-A61B-1EAD8D820A35}.Release|x86.ActiveCfg = Release|Win32
		{AD4E458C-A9FD-4C01-A61B-1EAD8D820A35}.Release|x86.Build.0 = Release|Win32
		{3B027070-9472-4305-8335-D2887EF87F58}.Debug|x64.ActiveCfg = Debug|x64
		{3B027070-9472-4305-8335-D2887EF87F58}.Debug|x64.Build.0 = Debug|x64
		{3B027070-9472-4305-8335-D2887EF87F58}.Debug|x86.ActiveCfg = Debug|Win32
		{3B027070-9472-4305-8335-D2887EF87F58}.Debug|x86.Build.0 = Debug|Win32
		{3B027070-9472-4305-8335-D2887EF87F58}.Release|x64.ActiveCfg = Release|x64
		{3B027070-9472-4305-8335-D2887EF87F58}.Release|x64.Build.0 = Release|x64
		{3B027070-9472-4305-8335-D2887EF87F58}.Release|x86.ActiveCfg = Release|Win32
		{3B027070-9472-4305-8335-D2887EF87F58}.Release|x86.Build.0 = Release|Win32
		{62C5364B-CC92-4D2C-8C84-BDEA32FBDD8D}.Debug|x64.ActiveCfg = Debug|x64
		{62C5364B-CC92-4D2C-8C84-BDEA32FBDD8D}.Debug|x64.Build.0 = Debug|x64
		{62C5364B-CC92-4D2C-8C84-BDEA32FBDD8D}.Debug|x86.ActiveCfg = Debug|Win32
		{62C5364B-CC92-4D2C-8C84-BDEA32FBDD8D}.Debug|x86.Build.0 = Debug|Win32
		{62C5364B-CC92-4D2C-8C84-BDEA32FBDD8D}.Release|x64.ActiveCfg = Release|x64
		{62C5364B-CC92-4D2C-8C84-BDEA32FBDD8D}.Release|x64.Build.0 = Release|x64
		{62C5364B-CC92-4D2C-8C84-BDEA32FBDD8D}.Release|x86.ActiveCfg = Release|Win32
		{62C5364B-CC92-4D2C-8C84-BDEA32FBDD8D}.Release|x86.Build.0 = Release|Win32
		{DEB557BA-E86C-4072-81F9-5EEBCD667507}.Debug|x64.ActiveCfg = Debug|x64
		{DEB557BA-E86C-4072-81F9-5EEBCD667507}.Debug|x64.Build.0 = Debug|x64
		{DEB557BA-E86C-4072-81F9-5EEBCD667507}.Debug|x86.ActiveCfg = Debug|Win32
		{DEB557BA-E86C-4072-81F9-5EEBCD667507}.Debug|x86.Build.0 = Debug|Win32
		{DEB557BA-E86C-4072-81F9-5EEBCD667507}.Release|x64.ActiveCfg = Release|x64
		{DEB557BA-E86C-4072-81F9-5EEBCD667507}.Release|x64.Build.0 = Release|x64
		{DEB557BA-E86C-4072-81F9-5EEBCD667507}.Release|x86.ActiveCfg = Release|Win32
		{DEB557BA-E86C-4072-81F9-5EEBCD667507}.Release|x86.Build.0 = Release|Win32
		{20A4FFBC-467F-4645-8FD9-DE04355970D7}.Debug|x64.ActiveCfg = Debug|x64
		{20A4FFBC-467F-4645-8FD9-DE04355970D7}.Debug|x64.Build.0 = Debug|x64
		{20A4FFBC-467F-4645-8FD9-DE04355970D7}.Debug|x86.ActiveCfg = Debug|Win32
		{20A4FFBC-467F-4645-8FD9-DE04355970D7}.Debug|x86.Build.0 = Debug|Win32
		{20A4FFBC-467F-4645-8FD9-DE04355970D7}.Release|x64.ActiveCfg = Release|x64
		{20A4FFBC-467F-4645-8FD9-DE04355970D7}.Release|x64.Build.0 = Release|x64
		{20A4FFBC-467F-4645-8FD9-DE04355970D7}.Release|x86.ActiveCfg = Release|Win32
		{20A4FFBC-467F-4645-8FD9-DE04355970D7}.Release|x86.Build.0 = Release|Win32
		{EB80354E-B0DF-4101-82A0-4469A0FB87ED}.Debug|x64.ActiveCfg = Debug|x64
		{EB80354E-B0DF-4101-82A0-4469A0FB87ED}.Debug|x64.Build.0 = Debug|x64
		{EB80354E-B0DF-4101-82A0-4469A0FB87ED}.Debug|x86.ActiveCfg = Debug|Win32
		{EB80354E-B0DF-4101-82A0-4469A0FB87ED}.Debug|x86.Build.0 = Debug|Win32
		{EB80354E-B0DF-4101-82A0-4469A0FB87ED}.Release|x64.ActiveCfg = Release|x64
		{EB80354E-B0DF-4101-82A0-4469A0FB87ED}.Release|x64.Build.0 = Release|x64
		{EB80354E-B0DF-4101-82A0-4469A0FB87ED}.Release|x86.ActiveCfg = Release|Win32
		{EB80354E-B0DF-4101-82A0-4469A0FB87ED}.Release|x86.Build.0 = Release|Win32
		{668F3FA1-7656-473A-A7BF-F89AB185088C}.Debug|x64.ActiveCfg = Debug|x64
		{668F3FA1-7656-473A-A7BF-F89AB185088C}.Debug|x64.Build.0 = Debug|x64
		{668F3FA1-7656-473A-A7BF-F89AB185088C}.Debug|x86.ActiveCfg = Debug|Win32
		{668F3FA1-7656-473A-A7BF-F89AB185088C}.Debug|x86.Build.0 = Debug|Win32
		{668F3FA1-7656-473A-A7BF-F89AB185088C}.Release|x64.ActiveCfg = Release|x64
		{668F3FA1-7656-473A-A7BF-F89AB185088C}.Release|x64.Build.0 = Release|x64
		{668F3FA1-7656-473A-A7BF-F89AB185088C}.Release|x86.ActiveCfg = Release|Win32
		{668F3FA1-7656-473A-A7BF-F89AB185088C}.Release|x86.Build.0 = Release|Win32
		{6F12CDCD-DE47-40C3-9189-1C6AC1CCD11D}.Debug|x64.ActiveCfg = Debug|x64
		{6F12CDCD-DE47-40C3-9189-1C6AC1CCD11D}.Debug|x64.Build.0 = Debug|x64
		{6F12CDCD-DE47-40C3-9189-1C6AC1CCD11D}.Debug|x86.ActiveCfg = Debug|Win32
		{6F12CDCD-DE47-40C3-9189-1C6AC1CCD11D}.Debug|x86.Build.0 = Debug|Win32
		{6F12CDCD-DE47-40C3-9189-1C6AC1CCD11D}.Release|x64.ActiveCfg = Release|x64
		{6F12CDCD-DE47-40C3-9189-1C6AC1CCD11D}.Release|x64.Build.0 = Release|x64
		{6F12CDCD-DE47-40C3-9189-1C6AC1CCD11D}.Release|x86.ActiveCfg = Release|Win32
		{6F12CDCD-DE47-40C3-9189-1C6AC1CCD11D}.Release|x86.Build.0 = Release|Win32
		{8FF19549-156D-4C6F-A3AB-7D8B09AEA037}.Debug|x64.ActiveCfg = Debug|x64
		{8FF19549-156D-4C6F-A3AB-7D8B09AEA037}.Debug|x64.Build.0 = Debug|x64
		{8FF19549-156D-4C6F-A3AB-7D8B09AEA037}.Debug|x86.ActiveCfg = Debug|Win32
		{8FF19549-156D-4C6F-A3AB-7D8B09AEA037}.Debug|x86.Build.0 = Debug|Win32
		{8FF19549-156D-4C6F-A3AB-7D8B09AEA037}.Release|x64.ActiveCfg = Release|x64
		{8FF19549-156D-4C6F-A3AB-7D8B09AEA037}.Release|x64.Build.0 = Release|x64
		{8FF19549-156D-4C6F-A3AB-7D8B09AEA037}.Release|x86.ActiveCfg = Release|Win32
		{8FF19549-156D-4C6F-A3AB-7D8B09AEA037}.Release|x86.Build.0 = Release|Win32
		{9BB19891-F6BA-4EAE-AB13-13DA225E04C2}.Debug|x64.ActiveCfg = Debug|x64
		{9BB19891-F6BA-4EAE-AB13-13DA225E04C2}.Debug|x64.Build.0 = Debug|x64
		{9BB19891-F6BA-4EAE-AB13-13DA225E04C2}.Debug|x86.ActiveCfg = Debug|Win32
		{9BB19891-F6BA-4EAE-AB13-13DA225E04C2}.Debug|x86.Build.0 = Debug|Win32
		{9BB19891-F6BA-4EAE-AB13-13DA225E04C2}.Release|x64.ActiveCfg = Release|x64
		{9BB19891-F6BA-4EAE-AB13-13DA225E04C2}.Release|x64.Build.0 = Release|x64
		{9BB19891-F6BA-4EAE-AB13-13DA225E04C2}.Release|x86.ActiveCfg = Release|Win32
		{9BB19891-F6BA-4EAE-AB13-13DA225E04C2}.Release|x86.Build.0 = Release|Win32
		{58790404-FED5-4FBA-9078-FA6B834E38BA}.Debug|x64.ActiveCfg = Debug|x64
		{58790404-FED5-4FBA-9078-FA6B834E38BA}.Debug|x64.Build.0 = Debug|x64
		{58790404-FED5-4FBA-9078-FA6B834E38BA}.Debug|x86.ActiveCfg = Debug|Win32
		{58790404-FED5-4FBA-9078-FA6B834E38BA}.Debug|x86.Build.0 = Debug|Win32
		{58790404-FED5-4FBA-9078-FA6B834E38BA}.Release|x64.ActiveCfg = Release|x64
		{58790404-FED5-4FBA-9078-FA6B834E38BA}.Release|x64.Build.0 = Release|x64
		{58790404-FED5-4FBA-9078-FA6B834E38BA}.Release|x86.ActiveCfg = Release|Win32
		{58790404-FED5-4FBA-9078-FA6B834E38BA}.Release|x86.Build.0 = Release|Win32
		{AA819397-2246-4D6B-8DED-6B29257F94DE}.Debug|x64.ActiveCfg = Debug|x64
		{AA819397-2246-4D6B-8DED-6B29257F94DE}.Debug|x64.Build.0 = Debug|x64
		{AA819397-2246-4D6B-8DED-6B29257F94DE}.Debug|x86.ActiveCfg = Debug|Win32
		{AA819397-2246-4D6B-8DED-6B29257F94DE}.Debug|x86.Build.0 = Debug|Win32
		{AA819397-2246-4D6B-8DED-6B29257F94DE}.Release|x64.ActiveCfg = Release|x64
		{AA819397-2246-4D6B-8DED-6B29257F94DE}.Release|x64.Build.0 = Release|x64
		{AA819397-2246-4D6B-8DED-6B29257F94DE}.Release|x86.ActiveCfg = Release|Win32
		{AA819397-2246-4D6B-8DED-6B29257F94DE}.Release|x86.Build.0 = Release|Win32
		{717F0086-DDA8-479D-B26A-2D16E495E484}.Debug|x64.ActiveCfg = Debug|x64
		{717F0086-DDA8-479D-B26A-2D16E495E484}.Debug|x64.Build.0 = Debug|x64
		{717F0086-DDA8-479D-B26A-2D16E495E484}.Debug|x86.ActiveCfg = Debug|Win32
		{717F0086-DDA8-479D-B26A-2D16E495E484}.Debug|x86.Build.0 = Debug|Win32
		{717F0086-DDA8-479D-B26A-2D16E495E484}.Release|x64.ActiveCfg = Release|x64
		{717F0086-DDA8-479D-B26A-2D16E495E484}.Release|x64.Build.0 = Release|x64
		{717F0086-DDA8-479D-B26A-2D16E495E484}.Release|x86.ActiveCfg = Release|Win32
		{717F0086-DDA8-479D-B26A-2D16E495E484}.Release|x86.Build.0 = Release|Win32
		{0BC64463-F1ED-4DE8-B23C-CE2D2C33A46D}.Debug|x64.ActiveCfg = Debug|x64
		{0BC64463-F1ED-4DE8-B23C-CE2D2C33A46D}.Debug|x64.Build.0 = Debug|x64
		{0BC64463-F1ED-4DE8-B23C-CE2D2C33A46D}.Debug|x86.ActiveCfg = Debug|Win32
		{0BC64463-F1ED-4DE8-B23C-CE2D2C33A46D}.Debug|x86.Build.0 = Debug|Win32
		{0BC64463-F1ED-4DE8-B23C-CE2D2C33A46D}.Release|x64.ActiveCfg = Release|x64
		{0BC64463-F1ED-4DE8-B23C-CE2D2C33A46D}.Release|x64.Build.0 = Release|x64
		{0BC64463-F1ED-4DE8-B23C-CE2D2C33A46D}.Release|x86.ActiveCfg = Release|Win32
		{0BC64463-F1ED-4DE8-B23C-CE2D2C33A46D}.Release|x86.Build.0 = Release|Win32
		{55EC6274-9B06-440F-A083-DF3E2D5B94AE}.Debug|x64.ActiveCfg = Debug|x64
		{55EC6274-9B06-440F-A083-DF3E2D5B94AE}.Debug|x64.Build.0 = Debug|x64
		{55EC6274-9B06-440F-A083-DF3E2D5B94AE}.Debug|x86.ActiveCfg = Debug|Win32
		{55EC6274-9B06-440F-A083-DF3E2D5B94AE}.Debug|x86.Build.0 = Debug|Win32
		{55EC6274-9B06-440F-A083-DF3E2D5B94AE}.Release|x64.ActiveCfg = Release|x64
		{55EC6274-9B06-440F-A083-DF3E2D5B94AE}.Release|x64.Build.0 = Release|x64
		{55EC6274-9B06-440F-A083-DF3E2D5B94AE}.Release|x86.ActiveCfg = Release|Win32
		{55EC6274-9B06-440F-A083-DF3E2D5B94AE}.Release|x86.Build.0 = Release|Win32
		{AC16EA7C-22CB-42A2-A0E0-546BE8EBD5AB}.Debug|x64.ActiveCfg = Debug|x64
		{AC16EA7C-22CB-42A2-A0E0-546BE8EBD5AB}.Debug|x64.Build.0 = Debug|x64
		{AC16EA7C-22CB-42A2-A0E0-546BE8EBD5AB}.Debug|x86.ActiveCfg = Debug|Win32
		{AC16EA7C-22CB-42A2-A0E0-546BE8EBD5AB}.Debug|x86.Build.0 = Debug|Win32
		{AC16EA7C-22CB-42A2-A0E0-546BE8EBD5AB}.Release|x64.ActiveCfg = Release|x64
		{AC16EA7C-22CB-42A2-A0E0-546BE8EBD5AB}.Release|x64.Build.0 = Release|x64
		{AC16EA7C-22CB-42A2-A0E0-546BE8EBD5AB}.Release|x86.ActiveCfg = Release|Win32
		{AC16EA7C-22CB-42A2-A0E0-546BE8EBD5AB}.Release|x86.Build.0 = Release|Win32
		{D1950CDF-4DD4-4C24-A781-2E4C7737EE8A}.Debug|x64.ActiveCfg = Debug|x64
		{D1950CDF-4DD4-4C24-A781-2E4C7737EE8A}.Debug|x64.Build.0 = Debug|x64
		{D1950CDF-4DD4-4C24-A781-2E4C7737EE8A}.Debug|x86.ActiveCfg = Debug|Win32
		{D1950CDF-4DD4-4C24-A781-2E4C7737EE8A}.Debug|x86.Build.0 = Debug|Win32
		{D1950CDF-4DD4-4C24-A781-2E4C7737EE8A}.Release|x64.ActiveCfg = Release|x64
		{D1950CDF-4DD4-4C24-A781-2E4C7737EE8A}.Release|x64.Build.0 = Release|x64
		{D1950CDF-4DD4-4C24-A781-2E4C7737EE8A}.Release|x86.ActiveCfg = Release|Win32
		{D1950CDF-4DD4-4C24-A781-2E4C7737EE8A}.Release|x86.Build.0 = Release|Win32
		{92396793-3A35-4318-B980-C0A75DED7E6F}.Debug|x64.ActiveCfg = Debug|x64
		{92396793-3A35-4318-B980-C0A75DED7E6F}.Debug|x64.Build.0 = Debug|x64
		{92396793-3A35-4318-B980-C0A75DED7E6F}.Debug|x86.ActiveCfg = Debug|Win32
		{92396793-3A35-4318-B980-C0A75DED7E6F}.Debug|x86.Build.0 = Debug|Win32
		{92396793-3A35-4318-B980-C0A75DED7E6F}.Release|x64.ActiveCfg = Release|x64
		{92396793-3A35-4318-B980-C0A75DED7E6F}.Release|x64.Build.0 = Release|x64
		{92396793-3A35-4318-B980-C0A75DED7E6F}.Release|x86.ActiveCfg = Release|Win32
		{92396793-3A35-4318-B980-C0A75DED7E6F}.Release|x86.Build.0 = Release|Win32
		{B65C5AAB-F0F7-4978-8EEC-236B9A3A312A}.Debug|x64.ActiveCfg = Debug|x64
		{B65C5AAB-F0F7-4978-8EEC-236B9A3A312A}.Debug|x64.Build.0 = Debug|x64
		{B65C5AAB-F0F7-4978-8EEC-236B9A3A312A}.Debug|x86.ActiveCfg = Debug|Win32
		{B65C5AAB-F0F7-4978-8EEC-236B9A3A312A}.Debug|x86.Build.0 = Debug|Win32
		{B65C5AAB-F0F7-4978-8EEC-236B9A3A312A}.Release|x64.ActiveCfg = Release|x64
		{B65C5AAB-F0F7-4978-8EEC-236B9A3A312A}.Release|x64.Build.0 = Release|x64
		{B65C5AAB-F0F7-4978-8EEC-236B9A3A312A}.Release|x86.ActiveCfg = Release|Win32
		{B65C5AAB-F0F7-4978-8EEC-236B9A3A312A}.Release|x86.Build.0 = Release|Win32
		{F03BE6A2-6056-44E9-AACE-E25BF9124487}.Debug|x64.ActiveCfg = Debug|x64
		{F03BE6A2-6056-44E9-AACE-E25BF9124487}.Debug|x64.Build.0 = Debug|x64
		{F03BE6A2-6056-44E9-AACE-E25BF9124487}.Debug|x86.ActiveCfg = Debug|Win32
		{F03BE6A2-6056-44E9-AACE-E25BF9124487}.Debug|x86.Build.0 = Debug|Win32
		{F03BE6A2-6056-44E9-AACE-E25BF9124487}.Release|x64.ActiveCfg = Release|x64
		{F03BE6A2-6056-44E9-AACE-E25BF9124487}.Release|x64.Build.0 = Release|x64
		{F03BE6A2-6056-44E9-AACE-E25BF9124487}.Release|x86.ActiveCfg = Release|Win32
		{F03BE6A2-6056-44E9-AACE-E25BF9124487}.Release|x86.Build.0 = Release|Win32
		{041CEF16-7ABF-4B95-9193-05D0CADB60D5}.Debug|x64.ActiveCfg = Debug|x64
		{041CEF16-7ABF-4B95-9193-05D0CADB60D5}.Debug|x64.Build.0 = Debug|x64
		{041CEF16-7ABF-4B95-9193-05D0CADB60D5}.Debug|x86.ActiveCfg = Debug|Win32
		{041CEF16-7ABF-4B95-9193-05D0CADB60D5}.Debug|x86.Build.0 = Debug|Win32
		{041CEF16-7ABF-4B95-9193-05D0CADB60D5}.Release|x64.ActiveCfg = Release|x64
		{041CEF16-7ABF-4B95-9193-05D0CADB60D5}.Release|x64.Build.0 = Release|x64
		{041CEF16-7ABF-4B95-9193-05D0CADB60D5}.Release|x86.ActiveCfg = Release|Win32
		{041CEF16-7ABF-4B95-9193-05D0CADB60D5}.Release|x86.Build.0 = Release|Win32
		{9A279329-02A6-4055-8978-BC4901AC1D43}.Debug|x64.ActiveCfg = Debug|x64
		{9A279329-02A6-4055-8978-BC4901AC1D43}.Debug|x64.Build.0 = Debug|x64
		{9A279329-02A6-4055-8978-BC4901AC1D43}.Debug|x86.ActiveCfg = Debug|Win32
		{9A279329-02A6-4055-8978-BC4901AC1D43}.Debug|x86.Build.0 = Debug|Win32
		{9A279329-02A6-4055-8978-BC4901AC1D43}.Release|x64.ActiveCfg = Release|x64
		{9A279329-02A6-4055-8978-BC4901AC1D43}.Release|x64.Build.0 = Release|x64
		{9A279329-02A6-4055-8978-BC4901AC1D43}.Release|x86.ActiveCfg = Release|Win32
		{9A279329-02A6-4055-8978-BC4901AC1D43}.Release|x86.Build.0 = Release|Win32
		{40C967AB-1C49-4C94-8125-3C4BB2ADE93B}.Debug|x64.ActiveCfg = Debug|x64
		{40C967AB-1C49-4C94-8125-3C4BB2ADE93B}.Debug|x64.Build.0 = Debug|x64
		{40C967AB-1C49-4C94-8125-3C4BB2ADE93B}.Debug|x86.ActiveCfg = Debug|Win32
		{40C967AB-1C49-4C94-8125-3C4BB2ADE93B}.Debug|x86.Build.0 = Debug|Win32
		{40C967AB-1C49-4C94-8125-3C4BB2ADE93B}.Release|x64.ActiveCfg = Release|x64
		{40C967AB-1C49-4C94-8125-3C4BB2ADE93B}.Release|x64.Build.0 = Release|x64
		{40C967AB-1C49-4C94-8125-3C4BB2ADE93B}.Release|x86.ActiveCfg = Release|Win32
		{40C967AB-1C49-4C94-8125-3C4BB2ADE93B}.Release|x86.Build.0 = Release|Win32
		{747BC022-E4FF-4199-BE0C-2A62A43505DD}.Debug|x64.ActiveCfg = Debug|x64
		{747BC022-E4FF-4199-BE0C-2A62A43505DD}.Debug|x64.Build.0 = Debug|x64
		{747BC022-E4FF-4199-BE0C-2A62A43505DD}.Debug|x86.ActiveCfg = Debug|Win32
		{747BC022-E4FF-4199-BE0C-2A62A43505DD}.Debug|x86.Build.0 = Debug|Win32
		{747BC022-E4FF-4199-BE0C-2A62A43505DD}.Release|x64.ActiveCfg = Release|x64
		{747BC022-E4FF-4199-BE0C-2A62A43505DD}.Release|x64.Build.0 = Release|x64
		{747BC022-E4FF-4199-BE0C-2A62A43505DD}.Release|x86.ActiveCfg = Release|Win32
		{747BC022-E4FF-4199-BE0C-2A62A43505DD}.Release|x86.Build.0 = Release|Win32
		{CF770EF4-1D4C-45FB-A365-D816B85CE01C}.Debug|x64.ActiveCfg = Debug|x64
		{CF770EF4-1D4C-45FB-A365-D816B85CE01C}.Debug|x64.Build.0 = Debug|x64
		{CF770EF4-1D4C-45FB-A365-D816B85CE01C}.Debug|x86.ActiveCfg = Debug|Win32
		{CF770EF4-1D4C-45FB-A365-D816B85CE01C}.Debug|x86.Build.0 = Debug|Win32
		{CF770EF4-1D4C-45FB-A365-D816B85CE01C}.Release|x64.ActiveCfg = Release|x64
		{CF770EF4-1D4C-45FB-A365-D816B85CE01C}.Release|x64.Build.0 = Release|x64
		{CF770EF4-1D4C-45FB-A365-D816B85CE01C}.Release|x86.ActiveCfg = Release|Win32
		{CF770EF4-1D4C-45FB-A365-D816B85CE01C}.Release|x86.Build.0 = Release|Win32
		{D7EE6ED1-91CF-44C9-937A-DAF997A05F96}.Debug|x64.ActiveCfg = Debug|x64
		{D7EE6ED1-91CF-44C9-937A-DAF997A05F96}.Debug|x64.Build.0 = Debug|x64
		{D7EE6ED1-91CF-44C9-937A-DAF997A05F96}.Debug|x86.ActiveCfg = Debug|Win32
		{D7EE6ED1-91CF-44C9-937A-DAF997A05F96}.Debug|x86.Build.0 = Debug|Win32
		{D7EE6ED1-91CF-44C9-937A-DAF997A05F96}.Release|x64.ActiveCfg = Release|x64
		{D7EE6ED1-91CF-44C9-937A-DAF997A05F96}.Release|x64.Build.0 = Release|x64
		{D7EE6ED1-91CF-44C9-937A-DAF997A05F96}.Release|x86.ActiveCfg = Release|Win32
		{D7EE6ED1-91CF-44C9-937A-DAF997A05F96}.Release|x86.Build.0 = Release|Win32
		{6E2AE89B-D1E4-494F-B988-51CA9640CC53}.Debug|x64.ActiveCfg = Debug|x64
		{6E2AE89B-D1E4-494F-B988-51CA9640CC53}.Debug|x64.Build.0 = Debug|x64
		{6E2AE89B-D1E4-494F-B988-51CA9640CC53}.Debug|x86.ActiveCfg = Debug|Win32
		{6E2AE89B-D1E4-494F-B988-51CA9640CC53}.Debug|x86.Build.0 = Debug|Win32
		{6E2AE89B-D1E4-494F-B988-51CA9640CC53}.Release|x64.ActiveCfg = Release|x64
		{6E2AE89B-D1E4-494F-B988-51CA9640CC53}.Release|x64.Build.0 = Release|x64
		{6E2AE89B-D1E4-494F-B988-51CA9640CC53}.Release|x86.ActiveCfg = Release|Win32
		{6E2AE89B-D1E4-494F-B988-51CA9640CC53}.Release|x86.Build.0 = Release|Win32
		{DC669CC3-8D95-49DF-A6EA-DFF517E8CA80}.Debug|x64.ActiveCfg = Debug|x64
		{DC669CC3-8D95-49DF-A6EA-DFF517E8CA80}.Debug|x64.Build.0 = Debug|x64
		{DC669CC3-8D95-49DF-A6EA-DFF517E8CA80}.Debug|x86.ActiveCfg = Debug|Win32
		{DC669CC3-8D95-49DF-A6EA-DFF517E8CA80}.Debug|x86.Build.0 = Debug|Win32
		{DC669CC3-8D95-49DF-A6EA-DFF517E8CA80}.Release|x64.ActiveCfg = Release|x64
		{DC669CC3-8D95-49DF-A6EA-DFF517E8CA80}.Release|x64.Build.0 = Release|x64
		{DC669CC3-8D95-49DF-A6EA-DFF517E8CA80}.Release|x86.ActiveCfg = Release|Win32
		{DC669CC3-8D95-49DF-A6EA-DFF517E8CA80}.Release|x86.Build.0 = Release|Win32
		{13849330-0033-47D7-83EF-B06A29D3F721}.Debug|x64.ActiveCfg = Debug|x64
		{13849330-0033-47D7-83EF-B06A29D3F721}.Debug|x64.Build.0 = Debug|x64
		{13849330-0033-47D7-83EF-B06A29D3F721}.Debug|x86.ActiveCfg = Debug|Win32
		{13849330-0033-47D7-83EF-B06A29D3F721}.Debug|x86.Build.0 = Debug|Win32
		{13849330-0033-47D7-83EF-B06A29D3F721}.Release|x64.ActiveCfg = Release|x64
		{13849330-0033-47D7-83EF-B06A29D3F721}.Release|x64.Build.0 = Release|x64
		{13849330-0033-47D7-83EF-B06A29D3F721}.Release|x86.ActiveCfg = Release|Win32
		{13849330-0033-47D7-83EF-B06A29D3F721}.Release|x86.Build.0 = Release|Win32
		{0ECAFE07-1A7B-478C-8C89-072B84EF8307}.Debug|x64.ActiveCfg = Debug|x64
		{0ECAFE07-1A7B-478C-8C89-072B84EF8307}.Debug|x64.Build.0 = Debug|x64
		{0ECAFE07-1A7B-478C-8C89-072B84EF8307}.Debug|x86.ActiveCfg = Debug|Win32
		{0ECAFE07-1A7B-478C-8C89-072B84EF8307}.Debug|x86.Build.0 = Debug|Win32
		{0ECAFE07-1A7B-478C-8C89-072B84EF8307}.Release|x64.ActiveCfg = Release|x64
		{0ECAFE07-1A7B-478C-8C89-072B84EF8307}.Release|x64.Build.0 = Release|x64
		{0ECAFE07-1A7B-478C-8C89-072B84EF8307}.Release|x86.ActiveCfg = Release|Win32
		{0ECAFE07-1A7B-478C-8C89-072B84EF8307}.Release|x86.Build.0 = Release|Win32
		{6708993F-E6DE-4760-9355-D75E4D04A578}.Debug|x64.ActiveCfg = Debug|x64
		{6708993F-E6DE-4760-9355-D75E4D04A578}.Debug|x64.Build.0 = Debug|x64
		{6708993F-E6DE-4760-9355-D75E4D04A578}.Debug|x86.ActiveCfg = Debug|Win32
		{6708993F-E6DE-4760-9355-D75E4D04A578}.Debug|x86.Build.0 = Debug|Win32
		{6708993F-E6DE-4760-9355-D75E4D04A578}.Release|x64.ActiveCfg = Release|x64
		{6708993F-E6DE-4760-9355-D75E4D04A578}.Release|x64.Build.0 = Release|x64
		{6708993F-E6DE-4760-9355-D75E4D04A578}.Release|x86.ActiveCfg = Release|Win32
		{6708993F-E6DE-4760-9355-D75E4D04A578}.Release|x86.Build.0 = Release|Win32
		{79607765-9FFB-4D77-B4D5-3134C509A1EC}.Debug|x64.ActiveCfg = Debug|x64
		{79607765-9FFB-4D77-B4D5-3134C509A1EC}.Debug|x64.Build.0 = Debug|x64
		{79607765-9FFB-4D77-B4D5-3134C509A1EC}.Debug|x86.ActiveCfg = Debug|Win32
		{79607765-9FFB-4D77-B4D5-3134C509A1EC}.Debug|x86.Build.0 = Debug|Win32
		{79607765-9FFB-4D77-B4D5-3134C509A1EC}.Release|x64.ActiveCfg = Release|x64
		{79607765-9FFB-4D77-B4D5-3134C509A1EC}.Release|x64.Build.0 = Release|x64
		{79607765-9FFB-4D77-B4D5-3134C509A1EC}.Release|x86.ActiveCfg = Release|Win32
		{79607765-9FFB-4D77-B4D5-3134C509A1EC}.Release|x86.Build.0 = Release|Win32
		{DAF33706-0918-4807-8FB5-A10A92A6E1C4}.Debug|x64.ActiveCfg = Debug|x64
		{DAF33706-0918-4807-8FB5-A10A92A6E1C4}.Debug|x64.Build.0 = Debug|x64
		{DAF33706-0918-4807-8FB5-A10A92A6E1C4}.Debug|x86.ActiveCfg = Debug|Win32
		{DAF33706-0918-4807-8FB5-A10A92A6E1C4}.Debug|x86.Build.0 = Debug|Win32
		{DAF33706-0918-4807-8FB5-A10A92A6E1C4}.Release|x64.ActiveCfg = Release|x64
		{DAF33706-0918-4807-8FB5-A10A92A6E1C4}.Release|x64.Build.0 = Release|x64
		{DAF33706-0918-4807-8FB5-A10A92A6E1C4}.Release|x86.ActiveCfg = Release|Win32
		{DAF33706-0918-4807-8FB5-A10A92A6E1C4}.Release|x86.Build.0 = Release|Win32
		{AADA81F8-C1D6-4FB4-95B2-4088EF18D9B0}.Debug|x64.ActiveCfg = Debug|x64
		{AADA81F8-C1D6-4FB4-95B2-4088EF18D9B0}.Debug|x64.Build.0 = Debug|x64
		{AADA81F8-C1D6-4FB4-95B2-4088EF18D9B0}.Debug|x86.ActiveCfg = Debug|Win32
		{AADA81F8-C1D6-4FB4-95B2-4088EF18D9B0}.Debug|x86.Build.0 = Debug|Win32
		{AADA81F8-C1D6-4FB4-95B2-4088EF18D9B0}.Release|x64.ActiveCfg = Release|x64
		{AADA81F8-C1D6-4FB4-95B2-4088EF18D9B0}.Release|x64.Build.0 = Release|x64
		{AADA81F8-C1D6-4FB4-95B2-4088EF18D9B0}.Release|x86.ActiveCfg = Release|Win32
		{AADA81F8-C1D6-4FB4-95B2-4088EF18D9B0}.Release|x86.Build.0 = Release|Win32
		{60392847-418A-4C55-BC81-E6D6D08E39D6}.Debug|x64.ActiveCfg = Debug|x64
		{60392847-418A-4C55-BC81-E6D6D08E39D6}.Debug|x64.Build.0 = Debug|x64
		{60392847-418A-4C55-BC81-E6D6D08E39D6}.Debug|x86.ActiveCfg = Debug|Win32
		{60392847-418A-4C55-BC81-E6D6D08E39D6}.Debug|x86.Build.0 = Debug|Win32
		{60392847-418A-4C55-BC81-E6D6D08E39D6}.Release|x64.ActiveCfg = Release|x64
		{60392847-418A-4C55-BC81-E6D6D08E39D6}.Release|x64.Build.0 = Release|x64
		{60392847-418A-4C55-BC81-E6D6D08E39D6}.Release|x86.ActiveCfg = Release|Win32
		{60392847-418A-4C55-BC81-E6D6D08E39D6}.Release|x86.Build.0 = Release|Win32
		{B75F86C1-F845-4398-9B86-3D991943DED3}.Debug|x64.ActiveCfg = Debug|x64
		{B75F86C1-F845-4398-9B86-3D991943DED3}.Debug|x64.Build.0 = Debug|x64
		{B75F86C1-F845-4398-9B86-3D991943DED3}.Debug|x86.ActiveCfg = Debug|Win32
		{B75F86C1-F845-4398-9B86-3D991943DED3}.Debug|x86.Build.0 = Debug|Win32
		{B75F86C1-F845-4398-9B86-3D991943DED3}.Release|x64.ActiveCfg = Release|x64
		{B75F86C1-F845-4398-9B86-3D991943DED3}.Release|x64.Build.0 = Release|x64
		{B75F86C1-F845-4398-9B86-3D991943DED3}.Release|x86.ActiveCfg = Release|Win32
		{B75F86C1-F845-4398-9B86-3D991943DED3}.Release|x86.Build.0 = Release|Win32
		{68961A4F-F957-4BEB-B1E6-3B842E13AC09}.Debug|x64.ActiveCfg = Debug|x64
		{68961A4F-F957-4BEB-B1E6-3B842E13AC09}.Debug|x64.Build.0 = Debug|x64
		{68961A4F-F957-4BEB-B1E6-3B842E13AC09}.Debug|x86.ActiveCfg = Debug|Win32
		{68961A4F-F957-4BEB-B1E6-3B842E13AC09}.Debug|x86.Build.0 = Debug|Win32
		{68961A4F-F957-4BEB-B1E6-3B842E13AC09}.Release|x64.ActiveCfg = Release|x64
		{68961A4F-F957-4BEB-B1E6-3B842E13AC09}.Release|x64.Build.0 = Release|x64
		{68961A4F-F957-4BEB-B1E6-3B842E13AC09}.Release|x86.ActiveCfg = Release|Win32
		{68961A4F-F957-4BEB-B1E6-3B842E13AC09}.Release|x86.Build.0 = Release|Win32
		{7C05C770-59C1-48A0-8703-60E80999F741}.Debug|x64.ActiveCfg = Debug|x64
		{7C05C770-59C1-48A0-8703-60E80999F741}.Debug|x64.Build.0 = Debug|x64
		{7C05C770-59C1-48A0-8703-60E80999F741}.Debug|x86.ActiveCfg = Debug|Win32
		{7C05C770-59C1-48A0-8703-60E80999F741}.Debug|x86.Build.0 = Debug|Win32
		{7C05C770-59C1-48A0-8703-60E80999F741}.Release|x64.ActiveCfg = Release|x64
		{7C05C770-59C1-48A0-8703-60E80999F741}.Release|x64.Build.0 = Release|x64
		{7C05C770-59C1-48A0-8703-60E80999F741}.Release|x86.ActiveCfg = Release|Win32
		{7C05C770-59C1-48A0-8703-60E80999F741}.Release|x86.Build.0 = Release|Win32
		{43AC7D0D-2F43-4266-8FE1-5667B399C281}.Debug|x64.ActiveCfg = Debug|x64
		{43AC7D0D-2F43-4266-8FE1-5667B399C281}.Debug|x64.Build.0 = Debug|x64
		{43AC7D0D-2F43-4266-8FE1-5667B399C281}.Debug|x86.ActiveCfg = Debug|Win32
		{43AC7D0D-2F43-4266-8FE1-5667B399C281}.Debug|x86.Build.0 = Debug|Win32
		{43AC7D0D-2F43-4266-8FE1-5667B399C281}.Release|x64.ActiveCfg = Release|x64
		{43AC7D0D-2F43-4266-8FE1-5667B399C281}.Release|x64.Build.0 = Release|x64
		{43AC7D0D-2F43-4266-8FE1-5667B399C281}.Release|x86.ActiveCfg = Release|Win32
		{43AC7D0D-2F43-4266-8FE1-5667B399C281}.Release|x86.Build.0 = Release|Win32
		{56A11BBF-F603-4C91-A9AF-3676147BC385}.Debug|x64.ActiveCfg = Debug|x64
		{56A11BBF-F603-4C91-A9AF-3676147BC385}.Debug|x64.Build.0 = Debug|x64
		{56A11BBF-F603-4C91-A9AF-3676147BC385}.Debug|x86.ActiveCfg = Debug|Win32
		{56A11BBF-F603-4C91-A9AF-3676147BC385}.Debug|x86.Build.0 = Debug|Win32
		{56A11BBF-F603-4C91-A9AF-3676147BC385}.Release|x64.ActiveCfg = Release|x64
		{56A11BBF-F603-4C91-A9AF-3676147BC385}.Release|x64.Build.0 = Release|x64
		{56A11BBF-F603-4C91-A9AF-3676147BC385}.Release|x86.ActiveCfg = Release|Win32
		{56A11BBF-F603-4C91-A9AF-3676147BC385}.Release|x86.Build.0 = Release|Win32
		{2375D229-F68C-473F-9ED8-7AFFD685AAC7}.Debug|x64.ActiveCfg = Debug|x64
		{2375D229-F68C-473F-9ED8-7AFFD685AAC7}.Debug|x64.Build.0 = Debug|x64
		{2375D229-F68C-473F-9ED8-7AFFD685AAC7}.Debug|x86.ActiveCfg = Debug|Win32
		{2375D229-F68C-473F-9ED8-7AFFD685AAC7}.Debug|x86.Build.0 = Debug|Win32
		{2375D229-F68C-473F-9ED8-7AFFD685AAC7}.Release|x64.ActiveCfg = Release|x64
		{2375D229-F68C-473F-9ED8-7AFFD685AAC7}.Release|x64.Build.0 = Release|x64
		{2375D229-F68C-473F-9ED8-7AFFD685AAC7}.Release|x86.ActiveCfg = Release|Win32
		{2375D229-F68C-473F-9ED8-7AFFD685AAC7}.Release|x86.Build.0 = Release|Win32
		{C662CB76-20B5-4DF5-9FE1-A05AF1122D3C}.Debug|x64.ActiveCfg = Debug|x64
		{C662CB76-20B5-4DF5-9FE1-A05AF1122D3C}.Debug|x64.Build.0 = Debug|x64
		{C662CB76-20B5-4DF5-9FE1-A05AF1122D3C}.Debug|x86.ActiveCfg = Debug|Win32
		{C662CB76-20B5-4DF5-9FE1-A05AF1122D3C}.Debug|x86.Build.0 = Debug|Win32
		{C662CB76-20B5-4DF5-9FE1-A05AF1122D3C}.Release|x64.ActiveCfg = Release|x64
		{C662CB76-20B5-4DF5-9FE1-A05AF1122D3C}.Release|x64.Build.0 = Release|x64
		{C662CB76-20B5-4DF5-9FE1-A05AF1122D3C}.Release|x86.ActiveCfg = Release|Win32
		{C662CB76-20B5-4DF5-9FE1-A05AF1122D3C}.Release|x86.Build.0 = Release|Win32
		{1C1D7D59-51F6-401F-AFCF-FF66AA36B0B7}.Debug|x64.ActiveCfg = Debug|x64
		{1C1D7D59-51F6-401F-AFCF-FF66AA36B0B7}.Debug|x64.Build.0 = Debug|x64
		{1C1D7D59-51F6-401F-AFCF-FF66AA36B0B7}.Debug|x86.ActiveCfg = Debug|Win32
		{1C1D7D59-51F6-401F-AFCF-FF66AA36B0B7}.Debug|x86.Build.0 = Debug|Win32
		{1C1D7D59-51F6-401F-AFCF-FF66AA36B0B7}.Release|x64.ActiveCfg = Release|x64
		{1C1D7D59-51F6-401F-AFCF-FF66AA36B0B7}.Release|x64.Build.0 = Release|x64
		{1C1D7D59-51F6-401F-AFCF-FF66AA36B0B7}.Release|x86.ActiveCfg = Release|Win32
		{1C1D7D59-51F6-401F-AFCF-FF66AA36B0B7}.Release|x86.Build.0 = Release|Win32
		{009C2F45-48F6-43E4-BC67-D7947F647DF6}.Debug|x64.ActiveCfg = Debug|x64
		{009C2F45-48F6-43E4-BC67-D7947F647DF6}.Debug|x64.Build.0 = Debug|x64
		{009C2F45-48F6-43E4-BC67-D7947F647DF6}.Debug|x86.ActiveCfg = Debug|Win32
		{009C2F45-48F6-43E4-BC67-D7947F647DF6}.Debug|x86.Build.0 = Debug|Win32
		{009C2F45-48F6-43E4-BC67-D7947F647DF6}.Release|x64.ActiveCfg = Release|x64
		{009C2F45-48F6-43E4-BC67-D7947F647DF6}.Release|x64.Build.0 = Release|x64
		{009C2F45-48F6-43E4-BC67-D7947F647DF6}.Release|x86.ActiveCfg = Release|Win32
		{009C2F45-48F6-43E4-BC67-D7947F647DF6}.Release|x86.Build.0 = Release|Win32
		{2D8C05C2-4D48-4497-BD60-D86019CEF609}.Debug|x64.ActiveCfg = Debug|x64
		{2D8C05C2-4D48-4497-BD60-D86019CEF609}.Debug|x64.Build.0 = Debug|x64
		{2D8C05C2-4D48-4497-BD60-D86019CEF609}.Debug|x86.ActiveCfg = Debug|Win32
		{2D8C05C2-4D48-4497-BD60-D86019CEF609}.Debug|x86.Build.0 = Debug|Win32
		{2D8C05C2-4D48-4497-BD60-D86019CEF609}.Release|x64.ActiveCfg = Release|x64
		{2D8C05C2-4D48-4497-BD60-D86019CEF609}.Release|x64.Build.0 = Release|x64
		{2D8C05C2-4D48-4497-BD60-D86019CEF609}.Release|x86.ActiveCfg = Release|Win32
		{2D8C05C2-4D48-4497-BD60-D86019CEF609}.Release|x86.Build.0 = Release|Win32
		{093B8D46-C594-4521-8795-AE7498F19F44}.Debug|x64.ActiveCfg = Debug|x64
		{093B8D46-C594-4521-8795-AE7498F19F44}.Debug|x64.Build.0 = Debug|x64
		{093B8D46-C594-4521-8795-AE7498F19F44}.Debug|x86.ActiveCfg = Debug|Win32
		{093B8D46-C594-4521-8795-AE7498F19F44}.Debug|x86.Build.0 = Debug|Win32
		{093B8D46-C594-4521-8795-AE7498F19F44}.Release|x64.ActiveCfg = Release|x64
		{093B8D46-C594-4521-8795-AE7498F19F44}.Release|x64.Build.0 = Release|x64
		{093B8D46-C594-4521-8795-AE7498F19F44}.Release|x86.ActiveCfg = Release|Win32
		{093B8D46-C594-4521-8795-AE7498F19F44}.Release|x86.Build.0 = Release|Win32
		{97B4EAD5-6C08-41C9-A751-240F3435F039}.Debug|x64.ActiveCfg = Debug|x64
		{97B4EAD5-6C08-41C9-A751-240F3435F039}.Debug|x64.Build.0 = Debug|x64
		{97B4EAD5-6C08-41C9-A751-240F3435F039}.Debug|x86.ActiveCfg = Debug|Win32
		{97B4EAD5-6C08-41C9-A751-240F3435F039}.Debug|x86.Build.0 = Debug|Win32
		{97B4EAD5-6C08-41C9-A751-240F3435F039}.Release|x64.ActiveCfg = Release|x64
		{97B4EAD5-6C08-41C9-A751-240F3435F039}.Release|x64.Build.0 = Release|x64
		{97B4EAD5-6C08-41C9-A751-240F3435F039}.Release|x86.ActiveCfg = Release|Win32
		{97B4EAD5-6C08-41C9-A751-240F3435F039}.Release|x86.Build.0 = Release|Win32
		{44991B50-8787-4D6B-9262-B8663628672A}.Debug|x64.ActiveCfg = Debug|x64
		{44991B50-8787-4D6B-9262-B8663628672A}.Debug|x64.Build.0 = Debug|x64
		{44991B50-8787-4D6B-9262-B8663628672A}.Debug|x86.ActiveCfg = Debug|Win32
		{44991B50-8787-4D6B-9262-B8663628672A}.Debug|x86.Build.0 = Debug|Win32
		{44991B50-8787-4D6B-9262-B8663628672A}.Release|x64.ActiveCfg = Release|x64
		{44991B50-8787-4D6B-9262-B8663628672A}.Release|x64.Build.0 = Release|x64
		{44991B50-8787-4D6B-9262-B8663628672A}.Release|x86.ActiveCfg = Release|Win32
		{44991B50-8787-4D6B-9262-B8663628672A}.Release|x86.Build.0 = Release|Win32
		{3A44EA10-5123-40D1-AB5B-65564579A472}.Debug|x64.ActiveCfg = Debug|x64
		{3A44EA10-5123-40D1-AB5B-65564579A472}.Debug|x64.Build.0 = Debug|x64
		{3A44EA10-5123-40D1-AB5B-65564579A472}.Debug|x86.ActiveCfg = Debug|Win32
		{3A44EA10-5123-40D1-AB5B-65564579A472}.Debug|x86.Build.0 = Debug|Win32
		{3A44EA10-5123-40D1-AB5B-65564579A472}.Release|x64.ActiveCfg = Release|x64
		{3A44EA10-5123-40D1-AB5B-65564579A472}.Release|x64.Build.0 = Release|x64
		{3A44EA10-5123-40D1-AB5B-65564579A472}.Release|x86.ActiveCfg = Release|Win32
		{3A44EA10-5123-40D1-AB5B-65564579A472}.Release|x86.Build.0 = Release|Win32
		{125240A8-B796-4BB6-A34E-A22279D73BE4}.Debug|x64.ActiveCfg = Debug|x64
		{125240A8-B796-4BB6-A34E-A22279D73BE4}.Debug|x64.Build.0 = Debug|x64
		{125240A8-B796-4BB6-A34E-A22279D73BE4}.Debug|x86.ActiveCfg = Debug|Win32
		{125240A8-B796-4BB6-A34E-A22279D73BE4}.Debug|x86.Build.0 = Debug|Win32
		{125240A8-B796-4BB6-A34E-A22279D73BE4}.Release|x64.ActiveCfg = Release|x64
		{125240A8-B796-4BB6-A34E-A22279D73BE4}.Release|x64.Build.0 = Release|x64
		{125240A8-B796-4BB6-A34E-A22279D73BE4}.Release|x86.ActiveCfg = Release|Win32
		{125240A8-B796-4BB6-A34E-A22279D73BE4}.Release|x86.Build.0 = Release|Win32
		{D7CB3B48-BED1-4452-8B4B-66847B1E3915}.Debug|x64.ActiveCfg = Debug|x64
		{D7CB3B48-BED1-4452-8B4B-66847B1E3915}.Debug|x64.Build.0 = Debug|x64
		{D7CB3B48-BED1-4452-8B4B-66847B1E3915}.Debug|x86.ActiveCfg = Debug|Win32
		{D7CB3B48-BED1-4452-8B4B-66847B1E3915}.Debug|x86.Build.0 = Debug|Win32
		{D7CB3B48-BED1-4452-8B4B-66847B1E3915}.Release|x64.ActiveCfg = Release|x64
		{D7CB3B48-BED1-4452-8B4B-66847B1E3915}.Release|x64.Build.0 = Release|x64
		{D7CB3B48-BED1-4452-8B4B-66847B1E3915}.Release|x86.ActiveCfg = Release|Win32
		{D7CB3B48-BED1-4452-8B4B-66847B1E3915}.Release|x86.Build.0 = Release|Win32
		{B4769909-847E-4756-9F6E-7876DA59B265}.Debug|x64.ActiveCfg = Debug|x64
		{B4769909-847E-4756-9F6E-7876DA59B265}.Debug|x64.Build.0 = Debug|x64
		{B4769909-847E-4756-9F6E-7876DA59B265}.Debug|x86.ActiveCfg = Debug|Win32
		{B4769909-847E-4756-9F6E-7876DA59B265}.Debug|x86.Build.0 = Debug|Win32
		{B4769909-847E-4756-9F6E-7876DA59B265}.Release|x64.ActiveCfg = Release|x64
		{B4769909-847E-4756-9F6E-7876DA59B265}.Release|x64.Build.0 = Release|x64
		{B4769909-847E-4756-9F6E-7876DA59B265}.Release|x86.ActiveCfg = Release|Win32
		{B4769909-847E-4756-9F6E-7876DA59B265}.Release|x86.Build.0 = Release|Win32
		{8437F977-930E-4E36-8C19-9217CFDDD2FA}.Debug|x64.ActiveCfg = Debug|x64
		{8437F977-930E-4E36-8C19-9217CFDDD2FA}.Debug|x64.Build.0 = Debug|x64
		{8437F977-930E-4E36-8C19-9217CFDDD2FA}.Debug|x86.ActiveCfg = Debug|Win32
		{8437F977-930E-4E36-8C19-9217CFDDD2FA}.Debug|x86.Build.0 = Debug|Win32
		{8437F977-930E-4E36-8C19-9217CFDDD2FA}.Release|x64.ActiveCfg = Release|x64
		{8437F977-930E-4E36-8C19-9217CFDDD2FA}.Release|x64.Build.0 = Release|x64
		{8437F977-930E-4E36-8C19-9217CFDDD2FA}.Release|x86.ActiveCfg = Release|Win32
		{8437F977-930E-4E36-8C19-9217CFDDD2FA}.Release|x86.Build.0 = Release|Win32
		{4B454B43-B06A-4EB3-AF56-F10C51A2F2C2}.Debug|x64.ActiveCfg = Debug|x64
		{4B454B43-B06A-4EB3-AF56-F10C51A2F2C2}.Debug|x64.Build.0 = Debug|x64
		{4B454B43-B06A-4EB3-AF56-F10C51A2F2C2}.Debug|x86.ActiveCfg = Debug|Win32
		{4B454B43-B06A-4EB3-AF56-F10C51A2F2C2}.Debug|x86.Build.0 = Debug|Win32
		{4B454B43-B06A-4EB3-AF56-F10C51A2F2C2}.Release|x64.ActiveCfg = Release|x64
		{4B454B43-B06A-4EB3-AF56-F10C51A2F2C2}.Release|x64.Build.0 = Release|x64
		{4B454B43-B06A-4EB3-AF56-F10C51A2F2C2}.Release|x86.ActiveCfg = Release|Win32
		{4B454B43-B06A-4EB3-AF56-F10C51A2F2C2}.Release|x86.Build.0 = Release|Win32
		{9EEAD880-888A-4FEF-A67B-97105E7848FA}.Debug|x64.ActiveCfg = Debug|x64
		{9EEAD880-888A-4FEF-A67B-97105E7848FA}.Debug|x64.Build.0 = Debug|x64
		{9EEAD880-888A-4FEF-A67B-97105E7848FA}.Debug|x86.ActiveCfg = Debug|Win32
		{9EEAD880-888A-4FEF-A67B-97105E7848FA}.Debug|x86.Build.0 = Debug|Win32
		{9EEAD880-888A-4FEF-A67B-97105E7848FA}.Release|x64.ActiveCfg = Release|x64
		{9EEAD880-888A-4FEF-A67B-97105E7848FA}.Release|x64.Build.0 = Release|x64
		{9EEAD880-888A-4FEF-A67B-97105E7848FA}.Release|x86.ActiveCfg = Release|Win32
		{9EEAD880-888A-4FEF-A67B-97105E7848FA}.Release|x86.Build.0 = Release|Win32
		{35C673F5-6A95-4AC4-83D5-4ACB97FE0B05}.Debug|x64.ActiveCfg = Debug|x64
		{35C673F5-6A95-4AC4-83D5-4ACB97FE0B05}.Debug|x64.Build.0 = Debug|x64
		{35C673F5-6A95-4AC4-83D5-4ACB97FE0B05}.Debug|x86.ActiveCfg = Debug|Win32
		{35C673F5-6A95-4AC4-83D5-4ACB97FE0B05}.Debug|x86.Build.0 = Debug|Win32
		{35C673F5-6A95-4AC4-83D5-4ACB97FE0B05}.Release|x64.ActiveCfg = Release|x64
		{35C673F5-6A95-4AC4-83D5-4ACB97FE0B05}.Release|x64.Build.0 = Release|x64
		{35C673F5-6A95-4AC4-83D5-4ACB97FE0B05}.Release|x86.ActiveCfg = Release|Win32
		{35C673F5-6A95-4AC4-83D5-4ACB97FE0B05}.Release|x86.Build.0 = Release|Win32
		{5F53618B-FF9A-4789-8023-C5C00AB61233}.Debug|x64.ActiveCfg = Debug|x64
		{5F53618B-FF9A-4789-8023-C5C00AB61233}.Debug|x64.Build.0 = Debug|x64
		{5F53618B-FF9A-4789-8023-C5C00AB61233}.Debug|x86.ActiveCfg = Debug|Win32
		{5F53618B-FF9A-4789-8023-C5C00AB61233}.Debug|x86.Build.0 = Debug|Win32
		{5F53618B-FF9A-4789-8023-C5C00AB61233}.Release|x64.ActiveCfg = Release|x64
		{5F53618B-FF9A-4789-8023-C5C00AB61233}.Release|x64.Build.0 = Release|x64
		{5F53618B-FF9A-4789-8023-C5C00AB61233}.Release|x86.ActiveCfg = Release|Win32
		{5F53618B-FF9A-4789-8023-C5C00AB61233}.Release|x86.Build.0 = Release|Win32
		{419FD325-7407-4DA0-847D-0424E20ACD35}.Debug|x64.ActiveCfg = Debug|x64
		{419FD325-7407-4DA0-847D-0424E20ACD35}.Debug|x64.Build.0 = Debug|x64
		{419FD325-7407-4DA0-847D-0424E20ACD35}.Debug|x86.ActiveCfg = Debug|Win32
		{419FD325-7407-4DA0-847D-0424E20ACD35}.Debug|x86.Build.0 = Debug|Win32
		{419FD325-7407-4DA0-847D-0424E20ACD35}.Release|x64.ActiveCfg = Release|x64
		{419FD325-7407-4DA0-847D-0424E20ACD35}.Release|x64.Build.0 = Release|x64
		{419FD325-7407-4DA0-847D-0424E20ACD35}.Release|x86.ActiveCfg = Release|Win32
		{419FD325-7407-4DA0-847D-0424E20ACD35}.Release|x86.Build.0 = Release|Win32
	EndGlobalSection
	GlobalSection(SolutionProperties) = preSolution
		HideSolutionNode = FALSE
	EndGlobalSection
	GlobalSection(ExtensibilityGlobals) = postSolution
		SolutionGuid = {58C442E6-54DC-4646-9332-5625DFF39BAA}
	EndGlobalSection
EndGlobal
