<?xml version="1.0" encoding="utf-8"?>
<Project ToolsVersion="4.0" xmlns="http://schemas.microsoft.com/developer/msbuild/2003">
  <ItemGroup>
    <Filter Include="소스 파일">
      <UniqueIdentifier>{4FC737F1-C7A5-4376-A066-2A32D752A2FF}</UniqueIdentifier>
      <Extensions>cpp;c;cc;cxx;def;odl;idl;hpj;bat;asm;asmx</Extensions>
    </Filter>
    <Filter Include="헤더 파일">
      <UniqueIdentifier>{93995380-89BD-4b04-88EB-625FBE52EBFB}</UniqueIdentifier>
      <Extensions>h;hh;hpp;hxx;hm;inl;inc;xsd</Extensions>
    </Filter>
    <Filter Include="리소스 파일">
      <UniqueIdentifier>{67DA6AB6-F800-4c08-8B7A-83BB121AAD01}</UniqueIdentifier>
      <Extensions>rc;ico;cur;bmp;dlg;rc2;rct;bin;rgs;gif;jpg;jpeg;jpe;resx;tiff;tif;png;wav;mfcribbon-ms</Extensions>
    </Filter>
    <Filter Include="Util">
      <UniqueIdentifier>{e4329c18-e35a-4fba-8e98-9405753233d5}</UniqueIdentifier>
    </Filter>
    <Filter Include="GameFrameWork">
      <UniqueIdentifier>{8a894f13-d7a8-46dd-9ece-c901e6933e31}</UniqueIdentifier>
    </Filter>
    <Filter Include="GameMain">
      <UniqueIdentifier>{eea70ca9-2335-41d2-9ac1-303f8a5d1f0f}</UniqueIdentifier>
    </Filter>
    <Filter Include="GameFrameWork\Manager">
      <UniqueIdentifier>{3900d678-5de1-4ad6-a25f-0302101bed4e}</UniqueIdentifier>
    </Filter>
    <Filter Include="GameFrameWork\Image">
      <UniqueIdentifier>{ed006991-d205-48bd-8f57-3b1a4a3d86ba}</UniqueIdentifier>
    </Filter>
    <Filter Include="GameFrameWork\Util">
      <UniqueIdentifier>{2f80c256-6dfa-4bdf-8787-e03ac1dde1d9}</UniqueIdentifier>
    </Filter>
  </ItemGroup>
  <ItemGroup>
    <ClInclude Include="stdafx.h">
      <Filter>헤더 파일</Filter>
    </ClInclude>
    <ClInclude Include="targetver.h">
      <Filter>헤더 파일</Filter>
    </ClInclude>
    <ClInclude Include="resource.h">
      <Filter>헤더 파일</Filter>
    </ClInclude>
    <ClInclude Include="WinAPI-벽돌 깨기.h">
      <Filter>헤더 파일</Filter>
    </ClInclude>
    <ClInclude Include="CommonMacroFunction.h">
      <Filter>Util</Filter>
    </ClInclude>
    <ClInclude Include="RandomFunction.h">
      <Filter>Util</Filter>
    </ClInclude>
    <ClInclude Include="Util.h">
      <Filter>GameFrameWork\Util</Filter>
    </ClInclude>
    <ClInclude Include="Image.h">
      <Filter>GameFrameWork\Image</Filter>
    </ClInclude>
    <ClInclude Include="KeyManager.h">
      <Filter>GameFrameWork\Manager</Filter>
    </ClInclude>
    <ClInclude Include="SingletonBase.h">
      <Filter>GameFrameWork\Manager</Filter>
    </ClInclude>
    <ClInclude Include="GameNode.h">
      <Filter>GameFrameWork</Filter>
    </ClInclude>
    <ClInclude Include="MainGame13.h">
      <Filter>GameMain</Filter>
    </ClInclude>
  </ItemGroup>
  <ItemGroup>
    <ClCompile Include="stdafx.cpp">
      <Filter>소스 파일</Filter>
    </ClCompile>
    <ClCompile Include="WinAPI-벽돌 깨기.cpp">
      <Filter>소스 파일</Filter>
    </ClCompile>
    <ClCompile Include="Util.cpp">
      <Filter>GameFrameWork\Util</Filter>
    </ClCompile>
    <ClCompile Include="Image.cpp">
      <Filter>GameFrameWork\Image</Filter>
    </ClCompile>
    <ClCompile Include="KeyManager.cpp">
      <Filter>GameFrameWork\Manager</Filter>
    </ClCompile>
    <ClCompile Include="GameNode.cpp">
      <Filter>GameFrameWork</Filter>
    </ClCompile>
    <ClCompile Include="MainGame13.cpp">
      <Filter>GameMain</Filter>
    </ClCompile>
  </ItemGroup>
  <ItemGroup>
    <ResourceCompile Include="WinAPI-벽돌 깨기.rc">
      <Filter>리소스 파일</Filter>
    </ResourceCompile>
  </ItemGroup>
  <ItemGroup>
    <Image Include="small.ico">
      <Filter>리소스 파일</Filter>
    </Image>
    <Image Include="WinAPI-벽돌 깨기.ico">
      <Filter>리소스 파일</Filter>
    </Image>
  </ItemGroup>
</Project>